// !$*UTF8*$!
{
	archiveVersion = 1;
	classes = {
	};
	objectVersion = 51;
	objects = {

/* Begin PBXBuildFile section */
		4F101B28AF60D2F28070F541 /* Pods_DongJia.framework in Frameworks */ = {isa = PBXBuildFile; fileRef = B5BA66E763ECE734FA65A063 /* Pods_DongJia.framework */; };
		DC19F7A5233468EB00BDFE7D /* UIAboutUsController.swift in Sources */ = {isa = PBXBuildFile; fileRef = DC19F7A4233468EB00BDFE7D /* UIAboutUsController.swift */; };
		DC19F7A72334692200BDFE7D /* UAboutUsView.swift in Sources */ = {isa = PBXBuildFile; fileRef = DC19F7A62334692200BDFE7D /* UAboutUsView.swift */; };
		DC19F7A9233478F500BDFE7D /* UIMyCollectionController.swift in Sources */ = {isa = PBXBuildFile; fileRef = DC19F7A8233478F500BDFE7D /* UIMyCollectionController.swift */; };
		DC19F7AD23347BCF00BDFE7D /* UMyCollectionCell.swift in Sources */ = {isa = PBXBuildFile; fileRef = DC19F7AC23347BCF00BDFE7D /* UMyCollectionCell.swift */; };
		DC19F7AF2334A7D900BDFE7D /* UIMyObtainAddressViewController.swift in Sources */ = {isa = PBXBuildFile; fileRef = DC19F7AE2334A7D900BDFE7D /* UIMyObtainAddressViewController.swift */; };
		DC19F7B12334AA9900BDFE7D /* UMyObtainAddressView.swift in Sources */ = {isa = PBXBuildFile; fileRef = DC19F7B02334AA9900BDFE7D /* UMyObtainAddressView.swift */; };
		DC19F7B32334B30C00BDFE7D /* UObtainAddressCell.swift in Sources */ = {isa = PBXBuildFile; fileRef = DC19F7B22334B30C00BDFE7D /* UObtainAddressCell.swift */; };
		DC23800C232F9E79006AE76F /* UHotGoodsCell.swift in Sources */ = {isa = PBXBuildFile; fileRef = DC23800B232F9E79006AE76F /* UHotGoodsCell.swift */; };
		DC23800E2330763F006AE76F /* UMainSuperBrandCell.swift in Sources */ = {isa = PBXBuildFile; fileRef = DC23800D2330763F006AE76F /* UMainSuperBrandCell.swift */; };
		DC2380102330B0FC006AE76F /* USuperBrandCell.swift in Sources */ = {isa = PBXBuildFile; fileRef = DC23800F2330B0FC006AE76F /* USuperBrandCell.swift */; };
		DC2380122330D94C006AE76F /* UFeaturedCell.swift in Sources */ = {isa = PBXBuildFile; fileRef = DC2380112330D94C006AE76F /* UFeaturedCell.swift */; };
		DC2380142330E040006AE76F /* UMainFeaturedCell.swift in Sources */ = {isa = PBXBuildFile; fileRef = DC2380132330E040006AE76F /* UMainFeaturedCell.swift */; };
		DC246E002331C4180087D84A /* UIDosController.swift in Sources */ = {isa = PBXBuildFile; fileRef = DC246DFF2331C4180087D84A /* UIDosController.swift */; };
		DC246E022331C8D90087D84A /* UDosCell.swift in Sources */ = {isa = PBXBuildFile; fileRef = DC246E012331C8D90087D84A /* UDosCell.swift */; };
		DC246E04233204BC0087D84A /* UDosDetailView.swift in Sources */ = {isa = PBXBuildFile; fileRef = DC246E03233204BC0087D84A /* UDosDetailView.swift */; };
		DC34A64D233C72320042EEA8 /* UIGoodsDetailController.swift in Sources */ = {isa = PBXBuildFile; fileRef = DC34A64C233C72320042EEA8 /* UIGoodsDetailController.swift */; };
		DC34A64F233C7AB40042EEA8 /* UGoodsDetailView.swift in Sources */ = {isa = PBXBuildFile; fileRef = DC34A64E233C7AB40042EEA8 /* UGoodsDetailView.swift */; };
		DC34A651233C95910042EEA8 /* UIButtonExtension.swift in Sources */ = {isa = PBXBuildFile; fileRef = DC34A650233C95910042EEA8 /* UIButtonExtension.swift */; };
		DC34A653233CAAF30042EEA8 /* APIMainFeaturedDataResponsModel.swift in Sources */ = {isa = PBXBuildFile; fileRef = DC34A652233CAAF30042EEA8 /* APIMainFeaturedDataResponsModel.swift */; };
		DC34A655233CBC380042EEA8 /* UFootLoadMoreView.swift in Sources */ = {isa = PBXBuildFile; fileRef = DC34A654233CBC380042EEA8 /* UFootLoadMoreView.swift */; };
		DC34A657233DFDAB0042EEA8 /* UGoodsPicListCell.swift in Sources */ = {isa = PBXBuildFile; fileRef = DC34A656233DFDAB0042EEA8 /* UGoodsPicListCell.swift */; };
		DC34A659233E08490042EEA8 /* UPicCell.swift in Sources */ = {isa = PBXBuildFile; fileRef = DC34A658233E08490042EEA8 /* UPicCell.swift */; };
		DC34A65B233E16040042EEA8 /* UGoodsLimitedBuyCell.swift in Sources */ = {isa = PBXBuildFile; fileRef = DC34A65A233E16040042EEA8 /* UGoodsLimitedBuyCell.swift */; };
		DC39CF922329E77A00E61C3A /* UMainLimitedCell.swift in Sources */ = {isa = PBXBuildFile; fileRef = DC39CF912329E77A00E61C3A /* UMainLimitedCell.swift */; };
		DC39CF942329EAA100E61C3A /* ULimitedTimeCell.swift in Sources */ = {isa = PBXBuildFile; fileRef = DC39CF932329EAA100E61C3A /* ULimitedTimeCell.swift */; };
		DC39CF98232A3C1300E61C3A /* UMainHotCell.swift in Sources */ = {isa = PBXBuildFile; fileRef = DC39CF97232A3C1300E61C3A /* UMainHotCell.swift */; };
		DC54C59B233F03E400ECFB25 /* UGoodsOrdinaryBuyCell.swift in Sources */ = {isa = PBXBuildFile; fileRef = DC54C59A233F03E400ECFB25 /* UGoodsOrdinaryBuyCell.swift */; };
		DC54C59D233F084000ECFB25 /* UGoodsNameServiceCell.swift in Sources */ = {isa = PBXBuildFile; fileRef = DC54C59C233F084000ECFB25 /* UGoodsNameServiceCell.swift */; };
		DC54C59F233F33F400ECFB25 /* UGoodsChooseAttrCell.swift in Sources */ = {isa = PBXBuildFile; fileRef = DC54C59E233F33F400ECFB25 /* UGoodsChooseAttrCell.swift */; };
		DC54C5A1233F386F00ECFB25 /* UGoodsStoreInfoCell.swift in Sources */ = {isa = PBXBuildFile; fileRef = DC54C5A0233F386F00ECFB25 /* UGoodsStoreInfoCell.swift */; };
		DC54C5A3233F41CF00ECFB25 /* UGoodsInfoView.swift in Sources */ = {isa = PBXBuildFile; fileRef = DC54C5A2233F41CF00ECFB25 /* UGoodsInfoView.swift */; };
		DC54C5A5233F53A500ECFB25 /* UGoodsDetailWKWebViewCell.swift in Sources */ = {isa = PBXBuildFile; fileRef = DC54C5A4233F53A500ECFB25 /* UGoodsDetailWKWebViewCell.swift */; };
		DC56BC8B233872770089EE61 /* APIMainService.swift in Sources */ = {isa = PBXBuildFile; fileRef = DC56BC8A233872770089EE61 /* APIMainService.swift */; };
		DC56BC8D2338732C0089EE61 /* APIMainDataResponsModel.swift in Sources */ = {isa = PBXBuildFile; fileRef = DC56BC8C2338732C0089EE61 /* APIMainDataResponsModel.swift */; };
		DC56BC8F2338E2B90089EE61 /* URLExtension.swift in Sources */ = {isa = PBXBuildFile; fileRef = DC56BC8E2338E2B90089EE61 /* URLExtension.swift */; };
		DC6133A32333205000C52E9F /* NSObjectExtension.swift in Sources */ = {isa = PBXBuildFile; fileRef = DC6133A22333205000C52E9F /* NSObjectExtension.swift */; };
		DC6133A82333377F00C52E9F /* UMineView.swift in Sources */ = {isa = PBXBuildFile; fileRef = DC6133A72333377F00C52E9F /* UMineView.swift */; };
		DC6133AA23335B6000C52E9F /* UIMineController.swift in Sources */ = {isa = PBXBuildFile; fileRef = DC6133A923335B6000C52E9F /* UIMineController.swift */; };
		DC768AB023321E0900595E2B /* UIDosDetailController.swift in Sources */ = {isa = PBXBuildFile; fileRef = DC768AAF23321E0900595E2B /* UIDosDetailController.swift */; };
		DC768AB22332230F00595E2B /* UILabelExtension.swift in Sources */ = {isa = PBXBuildFile; fileRef = DC768AB12332230F00595E2B /* UILabelExtension.swift */; };
		DC768AB4233232FF00595E2B /* UIContactDesignerController.swift in Sources */ = {isa = PBXBuildFile; fileRef = DC768AB3233232FF00595E2B /* UIContactDesignerController.swift */; };
		DC768AB62332359000595E2B /* UContactDesignerView.swift in Sources */ = {isa = PBXBuildFile; fileRef = DC768AB52332359000595E2B /* UContactDesignerView.swift */; };
		DCB0644823263AD40094727C /* AppDelegate.swift in Sources */ = {isa = PBXBuildFile; fileRef = DCB0644723263AD40094727C /* AppDelegate.swift */; };
		DCB0644A23263AD40094727C /* ViewController.swift in Sources */ = {isa = PBXBuildFile; fileRef = DCB0644923263AD40094727C /* ViewController.swift */; };
		DCB0644D23263AD50094727C /* Main.storyboard in Resources */ = {isa = PBXBuildFile; fileRef = DCB0644B23263AD50094727C /* Main.storyboard */; };
		DCB0645023263AD50094727C /* DongJia.xcdatamodeld in Sources */ = {isa = PBXBuildFile; fileRef = DCB0644E23263AD50094727C /* DongJia.xcdatamodeld */; };
		DCB0645523263AD90094727C /* LaunchScreen.storyboard in Resources */ = {isa = PBXBuildFile; fileRef = DCB0645323263AD90094727C /* LaunchScreen.storyboard */; };
		DCB0646023263AD90094727C /* DongJiaTests.swift in Sources */ = {isa = PBXBuildFile; fileRef = DCB0645F23263AD90094727C /* DongJiaTests.swift */; };
		DCB0646B23263AD90094727C /* DongJiaUITests.swift in Sources */ = {isa = PBXBuildFile; fileRef = DCB0646A23263AD90094727C /* DongJiaUITests.swift */; };
		DCB0647F232669510094727C /* UIImageViewExtension.swift in Sources */ = {isa = PBXBuildFile; fileRef = DCB06479232669510094727C /* UIImageViewExtension.swift */; };
		DCB06480232669510094727C /* UIColorExtension.swift in Sources */ = {isa = PBXBuildFile; fileRef = DCB0647A232669510094727C /* UIColorExtension.swift */; };
		DCB06482232669510094727C /* UITextFieldExtension.swift in Sources */ = {isa = PBXBuildFile; fileRef = DCB0647C232669510094727C /* UITextFieldExtension.swift */; };
		DCB06483232669510094727C /* UIViewExtension.swift in Sources */ = {isa = PBXBuildFile; fileRef = DCB0647D232669510094727C /* UIViewExtension.swift */; };
		DCB06484232669510094727C /* UIBarButtonItemExtension.swift in Sources */ = {isa = PBXBuildFile; fileRef = DCB0647E232669510094727C /* UIBarButtonItemExtension.swift */; };
		DCB064A023266A000094727C /* PlaceholderTextView.swift in Sources */ = {isa = PBXBuildFile; fileRef = DCB06487232669FF0094727C /* PlaceholderTextView.swift */; };
		DCB064A123266A000094727C /* CustomPhotoPickerViewController.swift in Sources */ = {isa = PBXBuildFile; fileRef = DCB06489232669FF0094727C /* CustomPhotoPickerViewController.swift */; };
		DCB064A223266A000094727C /* BPicker.swift in Sources */ = {isa = PBXBuildFile; fileRef = DCB0648B232669FF0094727C /* BPicker.swift */; };
		DCB064A323266A000094727C /* PickerPresentAnimated.swift in Sources */ = {isa = PBXBuildFile; fileRef = DCB0648C232669FF0094727C /* PickerPresentAnimated.swift */; };
		DCB064A423266A000094727C /* ScreenHelper.swift in Sources */ = {isa = PBXBuildFile; fileRef = DCB0648D232669FF0094727C /* ScreenHelper.swift */; };
		DCB064A523266A000094727C /* URefresh.swift in Sources */ = {isa = PBXBuildFile; fileRef = DCB0648F232669FF0094727C /* URefresh.swift */; };
		DCB064A623266A000094727C /* UEmptyDataSet.swift in Sources */ = {isa = PBXBuildFile; fileRef = DCB06491232669FF0094727C /* UEmptyDataSet.swift */; };
		DCB064A723266A000094727C /* RPicker.swift in Sources */ = {isa = PBXBuildFile; fileRef = DCB06492232669FF0094727C /* RPicker.swift */; };
		DCB064A823266A000094727C /* ParallaxHeaderMode.swift in Sources */ = {isa = PBXBuildFile; fileRef = DCB06494232669FF0094727C /* ParallaxHeaderMode.swift */; };
		DCB064A923266A000094727C /* UIScrollView+ParallaxHeader.swift in Sources */ = {isa = PBXBuildFile; fileRef = DCB06495232669FF0094727C /* UIScrollView+ParallaxHeader.swift */; };
		DCB064AA23266A000094727C /* ParallaxHeader.swift in Sources */ = {isa = PBXBuildFile; fileRef = DCB06496232669FF0094727C /* ParallaxHeader.swift */; };
		DCB064AB23266A000094727C /* FTConfiguration.swift in Sources */ = {isa = PBXBuildFile; fileRef = DCB06498232669FF0094727C /* FTConfiguration.swift */; };
		DCB064AC23266A000094727C /* FTCellConfiguration.swift in Sources */ = {isa = PBXBuildFile; fileRef = DCB06499232669FF0094727C /* FTCellConfiguration.swift */; };
		DCB064AD23266A000094727C /* FTConstants.swift in Sources */ = {isa = PBXBuildFile; fileRef = DCB0649A232669FF0094727C /* FTConstants.swift */; };
		DCB064AE23266A000094727C /* UIControl+Point.swift in Sources */ = {isa = PBXBuildFile; fileRef = DCB0649B232669FF0094727C /* UIControl+Point.swift */; };
		DCB064AF23266A000094727C /* FTPopOverMenu.swift in Sources */ = {isa = PBXBuildFile; fileRef = DCB0649C232669FF0094727C /* FTPopOverMenu.swift */; };
		DCB064B023266A000094727C /* FT+Extension.swift in Sources */ = {isa = PBXBuildFile; fileRef = DCB0649D232669FF0094727C /* FT+Extension.swift */; };
		DCB064B123266A000094727C /* FTPopOverMenuCell.swift in Sources */ = {isa = PBXBuildFile; fileRef = DCB0649E232669FF0094727C /* FTPopOverMenuCell.swift */; };
		DCB064B223266A000094727C /* UIScreen+Frame.swift in Sources */ = {isa = PBXBuildFile; fileRef = DCB0649F232669FF0094727C /* UIScreen+Frame.swift */; };
		DCB064B623266A660094727C /* Global.swift in Sources */ = {isa = PBXBuildFile; fileRef = DCB064B423266A660094727C /* Global.swift */; };
		DCB064B723266A660094727C /* Utils.swift in Sources */ = {isa = PBXBuildFile; fileRef = DCB064B523266A660094727C /* Utils.swift */; };
		DCB064BD23266DE00094727C /* APIUser.swift in Sources */ = {isa = PBXBuildFile; fileRef = DCB064BC23266DE00094727C /* APIUser.swift */; };
		DCB064BF23266DF80094727C /* JPushRegistrationID.swift in Sources */ = {isa = PBXBuildFile; fileRef = DCB064BE23266DF70094727C /* JPushRegistrationID.swift */; };
		DCB064C123266E040094727C /* APIToken.swift in Sources */ = {isa = PBXBuildFile; fileRef = DCB064C023266E040094727C /* APIToken.swift */; };
		DCB064C323266E0D0094727C /* APIServices.swift in Sources */ = {isa = PBXBuildFile; fileRef = DCB064C223266E0D0094727C /* APIServices.swift */; };
		DCB064CF23266EE80094727C /* UBaseCollectionViewCell.swift in Sources */ = {isa = PBXBuildFile; fileRef = DCB064C823266EE80094727C /* UBaseCollectionViewCell.swift */; };
		DCB064D023266EE80094727C /* UBaseTableViewCell.swift in Sources */ = {isa = PBXBuildFile; fileRef = DCB064C923266EE80094727C /* UBaseTableViewCell.swift */; };
		DCB064D123266EE80094727C /* BaseView.swift in Sources */ = {isa = PBXBuildFile; fileRef = DCB064CA23266EE80094727C /* BaseView.swift */; };
		DCB064D223266EE80094727C /* UBaseViewController.swift in Sources */ = {isa = PBXBuildFile; fileRef = DCB064CC23266EE80094727C /* UBaseViewController.swift */; };
		DCB064D323266EE80094727C /* UTabBarController.swift in Sources */ = {isa = PBXBuildFile; fileRef = DCB064CD23266EE80094727C /* UTabBarController.swift */; };
		DCB064D423266EE80094727C /* UNavigationController.swift in Sources */ = {isa = PBXBuildFile; fileRef = DCB064CE23266EE80094727C /* UNavigationController.swift */; };
		DCB064D6232732720094727C /* APIResponseModels.swift in Sources */ = {isa = PBXBuildFile; fileRef = DCB064D5232732720094727C /* APIResponseModels.swift */; };
		DCB064DC232733B20094727C /* ULoginViewController.swift in Sources */ = {isa = PBXBuildFile; fileRef = DCB064DB232733B20094727C /* ULoginViewController.swift */; };
		DCB064DE232733BC0094727C /* ULoginView.swift in Sources */ = {isa = PBXBuildFile; fileRef = DCB064DD232733BC0094727C /* ULoginView.swift */; };
		DCB064E223273BA90094727C /* APIUserServices.swift in Sources */ = {isa = PBXBuildFile; fileRef = DCB064E123273BA90094727C /* APIUserServices.swift */; };
		DCB064F023277EF30094727C /* UIMainController.swift in Sources */ = {isa = PBXBuildFile; fileRef = DCB064EF23277EF30094727C /* UIMainController.swift */; };
		DCB064F4232797E50094727C /* UMainSearchCell.swift in Sources */ = {isa = PBXBuildFile; fileRef = DCB064F3232797E50094727C /* UMainSearchCell.swift */; };
		DCB064F62327A7230094727C /* UMainBannerCell.swift in Sources */ = {isa = PBXBuildFile; fileRef = DCB064F52327A7230094727C /* UMainBannerCell.swift */; };
		DCB065082327CDA90094727C /* ZKCycleScrollView.swift in Sources */ = {isa = PBXBuildFile; fileRef = DCB065072327CDA90094727C /* ZKCycleScrollView.swift */; };
		DCB0650A2327CE840094727C /* UBannerImageCell.swift in Sources */ = {isa = PBXBuildFile; fileRef = DCB065092327CE840094727C /* UBannerImageCell.swift */; };
		DCB0650C2328F2380094727C /* UMainClassificationCell.swift in Sources */ = {isa = PBXBuildFile; fileRef = DCB0650B2328F2380094727C /* UMainClassificationCell.swift */; };
		DCCEC4BC233A4C2D00892D11 /* UIColor+KLExtension.swift in Sources */ = {isa = PBXBuildFile; fileRef = DCCEC4B7233A4C2D00892D11 /* UIColor+KLExtension.swift */; };
		DCCEC4BD233A4C2D00892D11 /* KLCityPickerView.swift in Sources */ = {isa = PBXBuildFile; fileRef = DCCEC4B8233A4C2D00892D11 /* KLCityPickerView.swift */; };
		DCCEC4BE233A4C2D00892D11 /* ConfigureMacro.swift in Sources */ = {isa = PBXBuildFile; fileRef = DCCEC4B9233A4C2D00892D11 /* ConfigureMacro.swift */; };
		DCCEC4BF233A4C2D00892D11 /* city.plist in Resources */ = {isa = PBXBuildFile; fileRef = DCCEC4BA233A4C2D00892D11 /* city.plist */; };
		DCCEC4C0233A4C2D00892D11 /* UIView+KLExtension.swift in Sources */ = {isa = PBXBuildFile; fileRef = DCCEC4BB233A4C2D00892D11 /* UIView+KLExtension.swift */; };
		DCCEC4C2233B495800892D11 /* NotificationNameExtension.swift in Sources */ = {isa = PBXBuildFile; fileRef = DCCEC4C1233B495800892D11 /* NotificationNameExtension.swift */; };
		DCCEC4C4233B4B7300892D11 /* APIMineServices.swift in Sources */ = {isa = PBXBuildFile; fileRef = DCCEC4C3233B4B7300892D11 /* APIMineServices.swift */; };
		DCCEC4C6233B4D1000892D11 /* APILoginResponseModel.swift in Sources */ = {isa = PBXBuildFile; fileRef = DCCEC4C5233B4D1000892D11 /* APILoginResponseModel.swift */; };
		DCF5956F2334B64600C50B88 /* Assets.xcassets in Resources */ = {isa = PBXBuildFile; fileRef = DCF5956E2334B64600C50B88 /* Assets.xcassets */; };
		DCF595712334CCE200C50B88 /* UIAddAddressController.swift in Sources */ = {isa = PBXBuildFile; fileRef = DCF595702334CCE200C50B88 /* UIAddAddressController.swift */; };
		DCF595732334CD2500C50B88 /* UAddAddressView.swift in Sources */ = {isa = PBXBuildFile; fileRef = DCF595722334CD2500C50B88 /* UAddAddressView.swift */; };
/* End PBXBuildFile section */

/* Begin PBXContainerItemProxy section */
		DCB0645C23263AD90094727C /* PBXContainerItemProxy */ = {
			isa = PBXContainerItemProxy;
			containerPortal = DCB0643C23263AD40094727C /* Project object */;
			proxyType = 1;
			remoteGlobalIDString = DCB0644323263AD40094727C;
			remoteInfo = DongJia;
		};
		DCB0646723263AD90094727C /* PBXContainerItemProxy */ = {
			isa = PBXContainerItemProxy;
			containerPortal = DCB0643C23263AD40094727C /* Project object */;
			proxyType = 1;
			remoteGlobalIDString = DCB0644323263AD40094727C;
			remoteInfo = DongJia;
		};
/* End PBXContainerItemProxy section */

/* Begin PBXFileReference section */
		5A81F6F96F7EEEB3294D7982 /* Pods-DongJia.debug.xcconfig */ = {isa = PBXFileReference; includeInIndex = 1; lastKnownFileType = text.xcconfig; name = "Pods-DongJia.debug.xcconfig"; path = "Target Support Files/Pods-DongJia/Pods-DongJia.debug.xcconfig"; sourceTree = "<group>"; };
		ABE933D163923E0ABD191878 /* Pods-DongJia.release.xcconfig */ = {isa = PBXFileReference; includeInIndex = 1; lastKnownFileType = text.xcconfig; name = "Pods-DongJia.release.xcconfig"; path = "Target Support Files/Pods-DongJia/Pods-DongJia.release.xcconfig"; sourceTree = "<group>"; };
		B5BA66E763ECE734FA65A063 /* Pods_DongJia.framework */ = {isa = PBXFileReference; explicitFileType = wrapper.framework; includeInIndex = 0; path = Pods_DongJia.framework; sourceTree = BUILT_PRODUCTS_DIR; };
		DC19F7A4233468EB00BDFE7D /* UIAboutUsController.swift */ = {isa = PBXFileReference; lastKnownFileType = sourcecode.swift; path = UIAboutUsController.swift; sourceTree = "<group>"; };
		DC19F7A62334692200BDFE7D /* UAboutUsView.swift */ = {isa = PBXFileReference; lastKnownFileType = sourcecode.swift; path = UAboutUsView.swift; sourceTree = "<group>"; };
		DC19F7A8233478F500BDFE7D /* UIMyCollectionController.swift */ = {isa = PBXFileReference; lastKnownFileType = sourcecode.swift; path = UIMyCollectionController.swift; sourceTree = "<group>"; };
		DC19F7AC23347BCF00BDFE7D /* UMyCollectionCell.swift */ = {isa = PBXFileReference; lastKnownFileType = sourcecode.swift; path = UMyCollectionCell.swift; sourceTree = "<group>"; };
		DC19F7AE2334A7D900BDFE7D /* UIMyObtainAddressViewController.swift */ = {isa = PBXFileReference; lastKnownFileType = sourcecode.swift; path = UIMyObtainAddressViewController.swift; sourceTree = "<group>"; };
		DC19F7B02334AA9900BDFE7D /* UMyObtainAddressView.swift */ = {isa = PBXFileReference; lastKnownFileType = sourcecode.swift; path = UMyObtainAddressView.swift; sourceTree = "<group>"; };
		DC19F7B22334B30C00BDFE7D /* UObtainAddressCell.swift */ = {isa = PBXFileReference; lastKnownFileType = sourcecode.swift; path = UObtainAddressCell.swift; sourceTree = "<group>"; };
		DC23800B232F9E79006AE76F /* UHotGoodsCell.swift */ = {isa = PBXFileReference; lastKnownFileType = sourcecode.swift; path = UHotGoodsCell.swift; sourceTree = "<group>"; };
		DC23800D2330763F006AE76F /* UMainSuperBrandCell.swift */ = {isa = PBXFileReference; lastKnownFileType = sourcecode.swift; path = UMainSuperBrandCell.swift; sourceTree = "<group>"; };
		DC23800F2330B0FC006AE76F /* USuperBrandCell.swift */ = {isa = PBXFileReference; lastKnownFileType = sourcecode.swift; path = USuperBrandCell.swift; sourceTree = "<group>"; };
		DC2380112330D94C006AE76F /* UFeaturedCell.swift */ = {isa = PBXFileReference; lastKnownFileType = sourcecode.swift; path = UFeaturedCell.swift; sourceTree = "<group>"; };
		DC2380132330E040006AE76F /* UMainFeaturedCell.swift */ = {isa = PBXFileReference; lastKnownFileType = sourcecode.swift; path = UMainFeaturedCell.swift; sourceTree = "<group>"; };
		DC246DFF2331C4180087D84A /* UIDosController.swift */ = {isa = PBXFileReference; lastKnownFileType = sourcecode.swift; path = UIDosController.swift; sourceTree = "<group>"; };
		DC246E012331C8D90087D84A /* UDosCell.swift */ = {isa = PBXFileReference; lastKnownFileType = sourcecode.swift; path = UDosCell.swift; sourceTree = "<group>"; };
		DC246E03233204BC0087D84A /* UDosDetailView.swift */ = {isa = PBXFileReference; lastKnownFileType = sourcecode.swift; path = UDosDetailView.swift; sourceTree = "<group>"; };
		DC34A64C233C72320042EEA8 /* UIGoodsDetailController.swift */ = {isa = PBXFileReference; lastKnownFileType = sourcecode.swift; path = UIGoodsDetailController.swift; sourceTree = "<group>"; };
		DC34A64E233C7AB40042EEA8 /* UGoodsDetailView.swift */ = {isa = PBXFileReference; lastKnownFileType = sourcecode.swift; path = UGoodsDetailView.swift; sourceTree = "<group>"; };
		DC34A650233C95910042EEA8 /* UIButtonExtension.swift */ = {isa = PBXFileReference; lastKnownFileType = sourcecode.swift; path = UIButtonExtension.swift; sourceTree = "<group>"; };
		DC34A652233CAAF30042EEA8 /* APIMainFeaturedDataResponsModel.swift */ = {isa = PBXFileReference; lastKnownFileType = sourcecode.swift; path = APIMainFeaturedDataResponsModel.swift; sourceTree = "<group>"; };
		DC34A654233CBC380042EEA8 /* UFootLoadMoreView.swift */ = {isa = PBXFileReference; lastKnownFileType = sourcecode.swift; path = UFootLoadMoreView.swift; sourceTree = "<group>"; };
		DC34A656233DFDAB0042EEA8 /* UGoodsPicListCell.swift */ = {isa = PBXFileReference; lastKnownFileType = sourcecode.swift; path = UGoodsPicListCell.swift; sourceTree = "<group>"; };
		DC34A658233E08490042EEA8 /* UPicCell.swift */ = {isa = PBXFileReference; lastKnownFileType = sourcecode.swift; path = UPicCell.swift; sourceTree = "<group>"; };
		DC34A65A233E16040042EEA8 /* UGoodsLimitedBuyCell.swift */ = {isa = PBXFileReference; lastKnownFileType = sourcecode.swift; path = UGoodsLimitedBuyCell.swift; sourceTree = "<group>"; };
		DC39CF912329E77A00E61C3A /* UMainLimitedCell.swift */ = {isa = PBXFileReference; lastKnownFileType = sourcecode.swift; path = UMainLimitedCell.swift; sourceTree = "<group>"; };
		DC39CF932329EAA100E61C3A /* ULimitedTimeCell.swift */ = {isa = PBXFileReference; lastKnownFileType = sourcecode.swift; path = ULimitedTimeCell.swift; sourceTree = "<group>"; };
		DC39CF97232A3C1300E61C3A /* UMainHotCell.swift */ = {isa = PBXFileReference; lastKnownFileType = sourcecode.swift; path = UMainHotCell.swift; sourceTree = "<group>"; };
		DC54C59A233F03E400ECFB25 /* UGoodsOrdinaryBuyCell.swift */ = {isa = PBXFileReference; lastKnownFileType = sourcecode.swift; path = UGoodsOrdinaryBuyCell.swift; sourceTree = "<group>"; };
		DC54C59C233F084000ECFB25 /* UGoodsNameServiceCell.swift */ = {isa = PBXFileReference; lastKnownFileType = sourcecode.swift; path = UGoodsNameServiceCell.swift; sourceTree = "<group>"; };
		DC54C59E233F33F400ECFB25 /* UGoodsChooseAttrCell.swift */ = {isa = PBXFileReference; lastKnownFileType = sourcecode.swift; path = UGoodsChooseAttrCell.swift; sourceTree = "<group>"; };
		DC54C5A0233F386F00ECFB25 /* UGoodsStoreInfoCell.swift */ = {isa = PBXFileReference; lastKnownFileType = sourcecode.swift; path = UGoodsStoreInfoCell.swift; sourceTree = "<group>"; };
		DC54C5A2233F41CF00ECFB25 /* UGoodsInfoView.swift */ = {isa = PBXFileReference; lastKnownFileType = sourcecode.swift; path = UGoodsInfoView.swift; sourceTree = "<group>"; };
		DC54C5A4233F53A500ECFB25 /* UGoodsDetailWKWebViewCell.swift */ = {isa = PBXFileReference; lastKnownFileType = sourcecode.swift; path = UGoodsDetailWKWebViewCell.swift; sourceTree = "<group>"; };
		DC56BC8A233872770089EE61 /* APIMainService.swift */ = {isa = PBXFileReference; lastKnownFileType = sourcecode.swift; path = APIMainService.swift; sourceTree = "<group>"; };
		DC56BC8C2338732C0089EE61 /* APIMainDataResponsModel.swift */ = {isa = PBXFileReference; lastKnownFileType = sourcecode.swift; path = APIMainDataResponsModel.swift; sourceTree = "<group>"; };
		DC56BC8E2338E2B90089EE61 /* URLExtension.swift */ = {isa = PBXFileReference; lastKnownFileType = sourcecode.swift; path = URLExtension.swift; sourceTree = "<group>"; };
		DC6133A22333205000C52E9F /* NSObjectExtension.swift */ = {isa = PBXFileReference; lastKnownFileType = sourcecode.swift; path = NSObjectExtension.swift; sourceTree = "<group>"; };
		DC6133A72333377F00C52E9F /* UMineView.swift */ = {isa = PBXFileReference; lastKnownFileType = sourcecode.swift; path = UMineView.swift; sourceTree = "<group>"; };
		DC6133A923335B6000C52E9F /* UIMineController.swift */ = {isa = PBXFileReference; lastKnownFileType = sourcecode.swift; path = UIMineController.swift; sourceTree = "<group>"; };
		DC768AAF23321E0900595E2B /* UIDosDetailController.swift */ = {isa = PBXFileReference; lastKnownFileType = sourcecode.swift; path = UIDosDetailController.swift; sourceTree = "<group>"; };
		DC768AB12332230F00595E2B /* UILabelExtension.swift */ = {isa = PBXFileReference; lastKnownFileType = sourcecode.swift; path = UILabelExtension.swift; sourceTree = "<group>"; };
		DC768AB3233232FF00595E2B /* UIContactDesignerController.swift */ = {isa = PBXFileReference; lastKnownFileType = sourcecode.swift; path = UIContactDesignerController.swift; sourceTree = "<group>"; };
		DC768AB52332359000595E2B /* UContactDesignerView.swift */ = {isa = PBXFileReference; lastKnownFileType = sourcecode.swift; path = UContactDesignerView.swift; sourceTree = "<group>"; };
		DCB0644423263AD40094727C /* DongJia.app */ = {isa = PBXFileReference; explicitFileType = wrapper.application; includeInIndex = 0; path = DongJia.app; sourceTree = BUILT_PRODUCTS_DIR; };
		DCB0644723263AD40094727C /* AppDelegate.swift */ = {isa = PBXFileReference; lastKnownFileType = sourcecode.swift; path = AppDelegate.swift; sourceTree = "<group>"; };
		DCB0644923263AD40094727C /* ViewController.swift */ = {isa = PBXFileReference; lastKnownFileType = sourcecode.swift; path = ViewController.swift; sourceTree = "<group>"; };
		DCB0644C23263AD50094727C /* Base */ = {isa = PBXFileReference; lastKnownFileType = file.storyboard; name = Base; path = Base.lproj/Main.storyboard; sourceTree = "<group>"; };
		DCB0644F23263AD50094727C /* DongJia.xcdatamodel */ = {isa = PBXFileReference; lastKnownFileType = wrapper.xcdatamodel; path = DongJia.xcdatamodel; sourceTree = "<group>"; };
		DCB0645423263AD90094727C /* Base */ = {isa = PBXFileReference; lastKnownFileType = file.storyboard; name = Base; path = Base.lproj/LaunchScreen.storyboard; sourceTree = "<group>"; };
		DCB0645623263AD90094727C /* Info.plist */ = {isa = PBXFileReference; lastKnownFileType = text.plist.xml; path = Info.plist; sourceTree = "<group>"; };
		DCB0645B23263AD90094727C /* DongJiaTests.xctest */ = {isa = PBXFileReference; explicitFileType = wrapper.cfbundle; includeInIndex = 0; path = DongJiaTests.xctest; sourceTree = BUILT_PRODUCTS_DIR; };
		DCB0645F23263AD90094727C /* DongJiaTests.swift */ = {isa = PBXFileReference; lastKnownFileType = sourcecode.swift; path = DongJiaTests.swift; sourceTree = "<group>"; };
		DCB0646123263AD90094727C /* Info.plist */ = {isa = PBXFileReference; lastKnownFileType = text.plist.xml; path = Info.plist; sourceTree = "<group>"; };
		DCB0646623263AD90094727C /* DongJiaUITests.xctest */ = {isa = PBXFileReference; explicitFileType = wrapper.cfbundle; includeInIndex = 0; path = DongJiaUITests.xctest; sourceTree = BUILT_PRODUCTS_DIR; };
		DCB0646A23263AD90094727C /* DongJiaUITests.swift */ = {isa = PBXFileReference; lastKnownFileType = sourcecode.swift; path = DongJiaUITests.swift; sourceTree = "<group>"; };
		DCB0646C23263AD90094727C /* Info.plist */ = {isa = PBXFileReference; lastKnownFileType = text.plist.xml; path = Info.plist; sourceTree = "<group>"; };
		DCB06479232669510094727C /* UIImageViewExtension.swift */ = {isa = PBXFileReference; fileEncoding = 4; lastKnownFileType = sourcecode.swift; path = UIImageViewExtension.swift; sourceTree = "<group>"; };
		DCB0647A232669510094727C /* UIColorExtension.swift */ = {isa = PBXFileReference; fileEncoding = 4; lastKnownFileType = sourcecode.swift; path = UIColorExtension.swift; sourceTree = "<group>"; };
		DCB0647C232669510094727C /* UITextFieldExtension.swift */ = {isa = PBXFileReference; fileEncoding = 4; lastKnownFileType = sourcecode.swift; path = UITextFieldExtension.swift; sourceTree = "<group>"; };
		DCB0647D232669510094727C /* UIViewExtension.swift */ = {isa = PBXFileReference; fileEncoding = 4; lastKnownFileType = sourcecode.swift; path = UIViewExtension.swift; sourceTree = "<group>"; };
		DCB0647E232669510094727C /* UIBarButtonItemExtension.swift */ = {isa = PBXFileReference; fileEncoding = 4; lastKnownFileType = sourcecode.swift; path = UIBarButtonItemExtension.swift; sourceTree = "<group>"; };
		DCB06487232669FF0094727C /* PlaceholderTextView.swift */ = {isa = PBXFileReference; fileEncoding = 4; lastKnownFileType = sourcecode.swift; path = PlaceholderTextView.swift; sourceTree = "<group>"; };
		DCB06489232669FF0094727C /* CustomPhotoPickerViewController.swift */ = {isa = PBXFileReference; fileEncoding = 4; lastKnownFileType = sourcecode.swift; path = CustomPhotoPickerViewController.swift; sourceTree = "<group>"; };
		DCB0648B232669FF0094727C /* BPicker.swift */ = {isa = PBXFileReference; fileEncoding = 4; lastKnownFileType = sourcecode.swift; path = BPicker.swift; sourceTree = "<group>"; };
		DCB0648C232669FF0094727C /* PickerPresentAnimated.swift */ = {isa = PBXFileReference; fileEncoding = 4; lastKnownFileType = sourcecode.swift; path = PickerPresentAnimated.swift; sourceTree = "<group>"; };
		DCB0648D232669FF0094727C /* ScreenHelper.swift */ = {isa = PBXFileReference; fileEncoding = 4; lastKnownFileType = sourcecode.swift; path = ScreenHelper.swift; sourceTree = "<group>"; };
		DCB0648F232669FF0094727C /* URefresh.swift */ = {isa = PBXFileReference; fileEncoding = 4; lastKnownFileType = sourcecode.swift; path = URefresh.swift; sourceTree = "<group>"; };
		DCB06491232669FF0094727C /* UEmptyDataSet.swift */ = {isa = PBXFileReference; fileEncoding = 4; lastKnownFileType = sourcecode.swift; path = UEmptyDataSet.swift; sourceTree = "<group>"; };
		DCB06492232669FF0094727C /* RPicker.swift */ = {isa = PBXFileReference; fileEncoding = 4; lastKnownFileType = sourcecode.swift; path = RPicker.swift; sourceTree = "<group>"; };
		DCB06494232669FF0094727C /* ParallaxHeaderMode.swift */ = {isa = PBXFileReference; fileEncoding = 4; lastKnownFileType = sourcecode.swift; path = ParallaxHeaderMode.swift; sourceTree = "<group>"; };
		DCB06495232669FF0094727C /* UIScrollView+ParallaxHeader.swift */ = {isa = PBXFileReference; fileEncoding = 4; lastKnownFileType = sourcecode.swift; path = "UIScrollView+ParallaxHeader.swift"; sourceTree = "<group>"; };
		DCB06496232669FF0094727C /* ParallaxHeader.swift */ = {isa = PBXFileReference; fileEncoding = 4; lastKnownFileType = sourcecode.swift; path = ParallaxHeader.swift; sourceTree = "<group>"; };
		DCB06498232669FF0094727C /* FTConfiguration.swift */ = {isa = PBXFileReference; fileEncoding = 4; lastKnownFileType = sourcecode.swift; path = FTConfiguration.swift; sourceTree = "<group>"; };
		DCB06499232669FF0094727C /* FTCellConfiguration.swift */ = {isa = PBXFileReference; fileEncoding = 4; lastKnownFileType = sourcecode.swift; path = FTCellConfiguration.swift; sourceTree = "<group>"; };
		DCB0649A232669FF0094727C /* FTConstants.swift */ = {isa = PBXFileReference; fileEncoding = 4; lastKnownFileType = sourcecode.swift; path = FTConstants.swift; sourceTree = "<group>"; };
		DCB0649B232669FF0094727C /* UIControl+Point.swift */ = {isa = PBXFileReference; fileEncoding = 4; lastKnownFileType = sourcecode.swift; path = "UIControl+Point.swift"; sourceTree = "<group>"; };
		DCB0649C232669FF0094727C /* FTPopOverMenu.swift */ = {isa = PBXFileReference; fileEncoding = 4; lastKnownFileType = sourcecode.swift; path = FTPopOverMenu.swift; sourceTree = "<group>"; };
		DCB0649D232669FF0094727C /* FT+Extension.swift */ = {isa = PBXFileReference; fileEncoding = 4; lastKnownFileType = sourcecode.swift; path = "FT+Extension.swift"; sourceTree = "<group>"; };
		DCB0649E232669FF0094727C /* FTPopOverMenuCell.swift */ = {isa = PBXFileReference; fileEncoding = 4; lastKnownFileType = sourcecode.swift; path = FTPopOverMenuCell.swift; sourceTree = "<group>"; };
		DCB0649F232669FF0094727C /* UIScreen+Frame.swift */ = {isa = PBXFileReference; fileEncoding = 4; lastKnownFileType = sourcecode.swift; path = "UIScreen+Frame.swift"; sourceTree = "<group>"; };
		DCB064B423266A660094727C /* Global.swift */ = {isa = PBXFileReference; fileEncoding = 4; lastKnownFileType = sourcecode.swift; path = Global.swift; sourceTree = "<group>"; };
		DCB064B523266A660094727C /* Utils.swift */ = {isa = PBXFileReference; fileEncoding = 4; lastKnownFileType = sourcecode.swift; path = Utils.swift; sourceTree = "<group>"; };
		DCB064B923266A990094727C /* Swift-Bridging-Header.h */ = {isa = PBXFileReference; lastKnownFileType = sourcecode.c.h; path = "Swift-Bridging-Header.h"; sourceTree = "<group>"; };
		DCB064BC23266DE00094727C /* APIUser.swift */ = {isa = PBXFileReference; fileEncoding = 4; lastKnownFileType = sourcecode.swift; path = APIUser.swift; sourceTree = "<group>"; };
		DCB064BE23266DF70094727C /* JPushRegistrationID.swift */ = {isa = PBXFileReference; fileEncoding = 4; lastKnownFileType = sourcecode.swift; path = JPushRegistrationID.swift; sourceTree = "<group>"; };
		DCB064C023266E040094727C /* APIToken.swift */ = {isa = PBXFileReference; fileEncoding = 4; lastKnownFileType = sourcecode.swift; path = APIToken.swift; sourceTree = "<group>"; };
		DCB064C223266E0D0094727C /* APIServices.swift */ = {isa = PBXFileReference; fileEncoding = 4; lastKnownFileType = sourcecode.swift; path = APIServices.swift; sourceTree = "<group>"; };
		DCB064C823266EE80094727C /* UBaseCollectionViewCell.swift */ = {isa = PBXFileReference; fileEncoding = 4; lastKnownFileType = sourcecode.swift; path = UBaseCollectionViewCell.swift; sourceTree = "<group>"; };
		DCB064C923266EE80094727C /* UBaseTableViewCell.swift */ = {isa = PBXFileReference; fileEncoding = 4; lastKnownFileType = sourcecode.swift; path = UBaseTableViewCell.swift; sourceTree = "<group>"; };
		DCB064CA23266EE80094727C /* BaseView.swift */ = {isa = PBXFileReference; fileEncoding = 4; lastKnownFileType = sourcecode.swift; path = BaseView.swift; sourceTree = "<group>"; };
		DCB064CC23266EE80094727C /* UBaseViewController.swift */ = {isa = PBXFileReference; fileEncoding = 4; lastKnownFileType = sourcecode.swift; path = UBaseViewController.swift; sourceTree = "<group>"; };
		DCB064CD23266EE80094727C /* UTabBarController.swift */ = {isa = PBXFileReference; fileEncoding = 4; lastKnownFileType = sourcecode.swift; path = UTabBarController.swift; sourceTree = "<group>"; };
		DCB064CE23266EE80094727C /* UNavigationController.swift */ = {isa = PBXFileReference; fileEncoding = 4; lastKnownFileType = sourcecode.swift; path = UNavigationController.swift; sourceTree = "<group>"; };
		DCB064D5232732720094727C /* APIResponseModels.swift */ = {isa = PBXFileReference; fileEncoding = 4; lastKnownFileType = sourcecode.swift; path = APIResponseModels.swift; sourceTree = "<group>"; };
		DCB064DB232733B20094727C /* ULoginViewController.swift */ = {isa = PBXFileReference; fileEncoding = 4; lastKnownFileType = sourcecode.swift; path = ULoginViewController.swift; sourceTree = "<group>"; };
		DCB064DD232733BC0094727C /* ULoginView.swift */ = {isa = PBXFileReference; fileEncoding = 4; lastKnownFileType = sourcecode.swift; path = ULoginView.swift; sourceTree = "<group>"; };
		DCB064E02327385D0094727C /* DongJia-Bridging-Header.h */ = {isa = PBXFileReference; lastKnownFileType = sourcecode.c.h; path = "DongJia-Bridging-Header.h"; sourceTree = "<group>"; };
		DCB064E123273BA90094727C /* APIUserServices.swift */ = {isa = PBXFileReference; fileEncoding = 4; lastKnownFileType = sourcecode.swift; path = APIUserServices.swift; sourceTree = "<group>"; };
		DCB064E3232751950094727C /* DongJia.entitlements */ = {isa = PBXFileReference; lastKnownFileType = text.plist.entitlements; path = DongJia.entitlements; sourceTree = "<group>"; };
		DCB064EF23277EF30094727C /* UIMainController.swift */ = {isa = PBXFileReference; lastKnownFileType = sourcecode.swift; path = UIMainController.swift; sourceTree = "<group>"; };
		DCB064F3232797E50094727C /* UMainSearchCell.swift */ = {isa = PBXFileReference; lastKnownFileType = sourcecode.swift; path = UMainSearchCell.swift; sourceTree = "<group>"; };
		DCB064F52327A7230094727C /* UMainBannerCell.swift */ = {isa = PBXFileReference; lastKnownFileType = sourcecode.swift; path = UMainBannerCell.swift; sourceTree = "<group>"; };
		DCB065072327CDA90094727C /* ZKCycleScrollView.swift */ = {isa = PBXFileReference; fileEncoding = 4; lastKnownFileType = sourcecode.swift; path = ZKCycleScrollView.swift; sourceTree = "<group>"; };
		DCB065092327CE840094727C /* UBannerImageCell.swift */ = {isa = PBXFileReference; fileEncoding = 4; lastKnownFileType = sourcecode.swift; path = UBannerImageCell.swift; sourceTree = "<group>"; };
		DCB0650B2328F2380094727C /* UMainClassificationCell.swift */ = {isa = PBXFileReference; lastKnownFileType = sourcecode.swift; path = UMainClassificationCell.swift; sourceTree = "<group>"; };
		DCCEC4B7233A4C2D00892D11 /* UIColor+KLExtension.swift */ = {isa = PBXFileReference; fileEncoding = 4; lastKnownFileType = sourcecode.swift; path = "UIColor+KLExtension.swift"; sourceTree = "<group>"; };
		DCCEC4B8233A4C2D00892D11 /* KLCityPickerView.swift */ = {isa = PBXFileReference; fileEncoding = 4; lastKnownFileType = sourcecode.swift; path = KLCityPickerView.swift; sourceTree = "<group>"; };
		DCCEC4B9233A4C2D00892D11 /* ConfigureMacro.swift */ = {isa = PBXFileReference; fileEncoding = 4; lastKnownFileType = sourcecode.swift; path = ConfigureMacro.swift; sourceTree = "<group>"; };
		DCCEC4BA233A4C2D00892D11 /* city.plist */ = {isa = PBXFileReference; fileEncoding = 4; lastKnownFileType = text.plist.xml; path = city.plist; sourceTree = "<group>"; };
		DCCEC4BB233A4C2D00892D11 /* UIView+KLExtension.swift */ = {isa = PBXFileReference; fileEncoding = 4; lastKnownFileType = sourcecode.swift; path = "UIView+KLExtension.swift"; sourceTree = "<group>"; };
		DCCEC4C1233B495800892D11 /* NotificationNameExtension.swift */ = {isa = PBXFileReference; lastKnownFileType = sourcecode.swift; path = NotificationNameExtension.swift; sourceTree = "<group>"; };
		DCCEC4C3233B4B7300892D11 /* APIMineServices.swift */ = {isa = PBXFileReference; lastKnownFileType = sourcecode.swift; path = APIMineServices.swift; sourceTree = "<group>"; };
		DCCEC4C5233B4D1000892D11 /* APILoginResponseModel.swift */ = {isa = PBXFileReference; lastKnownFileType = sourcecode.swift; path = APILoginResponseModel.swift; sourceTree = "<group>"; };
		DCF5956E2334B64600C50B88 /* Assets.xcassets */ = {isa = PBXFileReference; lastKnownFileType = folder.assetcatalog; path = Assets.xcassets; sourceTree = "<group>"; };
		DCF595702334CCE200C50B88 /* UIAddAddressController.swift */ = {isa = PBXFileReference; lastKnownFileType = sourcecode.swift; path = UIAddAddressController.swift; sourceTree = "<group>"; };
		DCF595722334CD2500C50B88 /* UAddAddressView.swift */ = {isa = PBXFileReference; lastKnownFileType = sourcecode.swift; path = UAddAddressView.swift; sourceTree = "<group>"; };
/* End PBXFileReference section */

/* Begin PBXFrameworksBuildPhase section */
		DCB0644123263AD40094727C /* Frameworks */ = {
			isa = PBXFrameworksBuildPhase;
			buildActionMask = 2147483647;
			files = (
				4F101B28AF60D2F28070F541 /* Pods_DongJia.framework in Frameworks */,
			);
			runOnlyForDeploymentPostprocessing = 0;
		};
		DCB0645823263AD90094727C /* Frameworks */ = {
			isa = PBXFrameworksBuildPhase;
			buildActionMask = 2147483647;
			files = (
			);
			runOnlyForDeploymentPostprocessing = 0;
		};
		DCB0646323263AD90094727C /* Frameworks */ = {
			isa = PBXFrameworksBuildPhase;
			buildActionMask = 2147483647;
			files = (
			);
			runOnlyForDeploymentPostprocessing = 0;
		};
/* End PBXFrameworksBuildPhase section */

/* Begin PBXGroup section */
		094B9557916DABDE2510A2EA /* Frameworks */ = {
			isa = PBXGroup;
			children = (
				B5BA66E763ECE734FA65A063 /* Pods_DongJia.framework */,
			);
			name = Frameworks;
			sourceTree = "<group>";
		};
		3714D2FB1E1280061C544174 /* Pods */ = {
			isa = PBXGroup;
			children = (
				5A81F6F96F7EEEB3294D7982 /* Pods-DongJia.debug.xcconfig */,
				ABE933D163923E0ABD191878 /* Pods-DongJia.release.xcconfig */,
			);
			path = Pods;
			sourceTree = "<group>";
		};
		DC246DFC2331C3180087D84A /* Dos */ = {
			isa = PBXGroup;
			children = (
				DC246DFE2331C38B0087D84A /* View */,
				DC246DFD2331C3790087D84A /* ViewController */,
			);
			path = Dos;
			sourceTree = "<group>";
		};
		DC246DFD2331C3790087D84A /* ViewController */ = {
			isa = PBXGroup;
			children = (
				DC246DFF2331C4180087D84A /* UIDosController.swift */,
				DC768AAF23321E0900595E2B /* UIDosDetailController.swift */,
				DC768AB3233232FF00595E2B /* UIContactDesignerController.swift */,
			);
			path = ViewController;
			sourceTree = "<group>";
		};
		DC246DFE2331C38B0087D84A /* View */ = {
			isa = PBXGroup;
			children = (
				DC246E012331C8D90087D84A /* UDosCell.swift */,
				DC246E03233204BC0087D84A /* UDosDetailView.swift */,
				DC768AB52332359000595E2B /* UContactDesignerView.swift */,
			);
			path = View;
			sourceTree = "<group>";
		};
		DC34A649233C71B90042EEA8 /* Goods */ = {
			isa = PBXGroup;
			children = (
				DC34A64B233C71DD0042EEA8 /* ViewController */,
				DC34A64A233C71D20042EEA8 /* View */,
			);
			path = Goods;
			sourceTree = "<group>";
		};
		DC34A64A233C71D20042EEA8 /* View */ = {
			isa = PBXGroup;
			children = (
				DC34A64E233C7AB40042EEA8 /* UGoodsDetailView.swift */,
				DC34A656233DFDAB0042EEA8 /* UGoodsPicListCell.swift */,
				DC34A658233E08490042EEA8 /* UPicCell.swift */,
				DC34A65A233E16040042EEA8 /* UGoodsLimitedBuyCell.swift */,
				DC54C59A233F03E400ECFB25 /* UGoodsOrdinaryBuyCell.swift */,
				DC54C59C233F084000ECFB25 /* UGoodsNameServiceCell.swift */,
				DC54C59E233F33F400ECFB25 /* UGoodsChooseAttrCell.swift */,
				DC54C5A0233F386F00ECFB25 /* UGoodsStoreInfoCell.swift */,
				DC54C5A4233F53A500ECFB25 /* UGoodsDetailWKWebViewCell.swift */,
				DC54C5A2233F41CF00ECFB25 /* UGoodsInfoView.swift */,
			);
			path = View;
			sourceTree = "<group>";
		};
		DC34A64B233C71DD0042EEA8 /* ViewController */ = {
			isa = PBXGroup;
			children = (
				DC34A64C233C72320042EEA8 /* UIGoodsDetailController.swift */,
			);
			path = ViewController;
			sourceTree = "<group>";
		};
		DC56BC91233A4B670089EE61 /* AddressView */ = {
			isa = PBXGroup;
			children = (
				DCCEC4BA233A4C2D00892D11 /* city.plist */,
				DCCEC4B9233A4C2D00892D11 /* ConfigureMacro.swift */,
				DCCEC4B8233A4C2D00892D11 /* KLCityPickerView.swift */,
				DCCEC4B7233A4C2D00892D11 /* UIColor+KLExtension.swift */,
				DCCEC4BB233A4C2D00892D11 /* UIView+KLExtension.swift */,
			);
			path = AddressView;
			sourceTree = "<group>";
		};
		DC6133A42333373600C52E9F /* Mine */ = {
			isa = PBXGroup;
			children = (
				DC6133A62333376300C52E9F /* View */,
				DC6133A52333374900C52E9F /* ViewController */,
			);
			path = Mine;
			sourceTree = "<group>";
		};
		DC6133A52333374900C52E9F /* ViewController */ = {
			isa = PBXGroup;
			children = (
				DC6133A923335B6000C52E9F /* UIMineController.swift */,
				DC19F7A4233468EB00BDFE7D /* UIAboutUsController.swift */,
				DC19F7A8233478F500BDFE7D /* UIMyCollectionController.swift */,
				DC19F7AE2334A7D900BDFE7D /* UIMyObtainAddressViewController.swift */,
				DCF595702334CCE200C50B88 /* UIAddAddressController.swift */,
			);
			path = ViewController;
			sourceTree = "<group>";
		};
		DC6133A62333376300C52E9F /* View */ = {
			isa = PBXGroup;
			children = (
				DC6133A72333377F00C52E9F /* UMineView.swift */,
				DC19F7A62334692200BDFE7D /* UAboutUsView.swift */,
				DC19F7AC23347BCF00BDFE7D /* UMyCollectionCell.swift */,
				DC19F7B02334AA9900BDFE7D /* UMyObtainAddressView.swift */,
				DC19F7B22334B30C00BDFE7D /* UObtainAddressCell.swift */,
				DCF595722334CD2500C50B88 /* UAddAddressView.swift */,
			);
			path = View;
			sourceTree = "<group>";
		};
		DCB0643B23263AD40094727C = {
			isa = PBXGroup;
			children = (
				DCB0644623263AD40094727C /* DongJia */,
				DCB0645E23263AD90094727C /* DongJiaTests */,
				DCB0646923263AD90094727C /* DongJiaUITests */,
				DCB0644523263AD40094727C /* Products */,
				3714D2FB1E1280061C544174 /* Pods */,
				094B9557916DABDE2510A2EA /* Frameworks */,
			);
			sourceTree = "<group>";
		};
		DCB0644523263AD40094727C /* Products */ = {
			isa = PBXGroup;
			children = (
				DCB0644423263AD40094727C /* DongJia.app */,
				DCB0645B23263AD90094727C /* DongJiaTests.xctest */,
				DCB0646623263AD90094727C /* DongJiaUITests.xctest */,
			);
			name = Products;
			sourceTree = "<group>";
		};
		DCB0644623263AD40094727C /* DongJia */ = {
			isa = PBXGroup;
			children = (
				DCB064E3232751950094727C /* DongJia.entitlements */,
				DCB064BB23266DD30094727C /* API */,
				DCB06478232669510094727C /* Extension */,
				DCB06485232669FF0094727C /* Component */,
				DCB064B323266A560094727C /* Procedure */,
				DCB064B823266A800094727C /* Supporting Files */,
				DCB0644923263AD40094727C /* ViewController.swift */,
				DCB0644B23263AD50094727C /* Main.storyboard */,
				DCB0645323263AD90094727C /* LaunchScreen.storyboard */,
				DCB0645623263AD90094727C /* Info.plist */,
				DCB0644E23263AD50094727C /* DongJia.xcdatamodeld */,
			);
			path = DongJia;
			sourceTree = "<group>";
		};
		DCB0645E23263AD90094727C /* DongJiaTests */ = {
			isa = PBXGroup;
			children = (
				DCB0645F23263AD90094727C /* DongJiaTests.swift */,
				DCB0646123263AD90094727C /* Info.plist */,
			);
			path = DongJiaTests;
			sourceTree = "<group>";
		};
		DCB0646923263AD90094727C /* DongJiaUITests */ = {
			isa = PBXGroup;
			children = (
				DCB0646A23263AD90094727C /* DongJiaUITests.swift */,
				DCB0646C23263AD90094727C /* Info.plist */,
			);
			path = DongJiaUITests;
			sourceTree = "<group>";
		};
		DCB06478232669510094727C /* Extension */ = {
			isa = PBXGroup;
			children = (
				DCB06479232669510094727C /* UIImageViewExtension.swift */,
				DCB0647A232669510094727C /* UIColorExtension.swift */,
				DCB0647C232669510094727C /* UITextFieldExtension.swift */,
				DCB0647D232669510094727C /* UIViewExtension.swift */,
				DCB0647E232669510094727C /* UIBarButtonItemExtension.swift */,
				DC768AB12332230F00595E2B /* UILabelExtension.swift */,
				DC6133A22333205000C52E9F /* NSObjectExtension.swift */,
				DC56BC8E2338E2B90089EE61 /* URLExtension.swift */,
				DCCEC4C1233B495800892D11 /* NotificationNameExtension.swift */,
				DC34A650233C95910042EEA8 /* UIButtonExtension.swift */,
			);
			path = Extension;
			sourceTree = "<group>";
		};
		DCB06485232669FF0094727C /* Component */ = {
			isa = PBXGroup;
			children = (
				DC56BC91233A4B670089EE61 /* AddressView */,
				DCB065062327CDA90094727C /* ZKCycleScrollView */,
				DCB06486232669FF0094727C /* TextView */,
				DCB06488232669FF0094727C /* PhotoPicker */,
				DCB0648A232669FF0094727C /* Picker */,
				DCB0648E232669FF0094727C /* Refresh */,
				DCB06490232669FF0094727C /* EmptyDataSet */,
				DCB06492232669FF0094727C /* RPicker.swift */,
				DCB06493232669FF0094727C /* ParallaxHeader */,
				DCB06497232669FF0094727C /* FTPopOverMenu */,
			);
			path = Component;
			sourceTree = "<group>";
		};
		DCB06486232669FF0094727C /* TextView */ = {
			isa = PBXGroup;
			children = (
				DCB06487232669FF0094727C /* PlaceholderTextView.swift */,
			);
			path = TextView;
			sourceTree = "<group>";
		};
		DCB06488232669FF0094727C /* PhotoPicker */ = {
			isa = PBXGroup;
			children = (
				DCB06489232669FF0094727C /* CustomPhotoPickerViewController.swift */,
			);
			path = PhotoPicker;
			sourceTree = "<group>";
		};
		DCB0648A232669FF0094727C /* Picker */ = {
			isa = PBXGroup;
			children = (
				DCB0648B232669FF0094727C /* BPicker.swift */,
				DCB0648C232669FF0094727C /* PickerPresentAnimated.swift */,
				DCB0648D232669FF0094727C /* ScreenHelper.swift */,
			);
			path = Picker;
			sourceTree = "<group>";
		};
		DCB0648E232669FF0094727C /* Refresh */ = {
			isa = PBXGroup;
			children = (
				DCB0648F232669FF0094727C /* URefresh.swift */,
			);
			path = Refresh;
			sourceTree = "<group>";
		};
		DCB06490232669FF0094727C /* EmptyDataSet */ = {
			isa = PBXGroup;
			children = (
				DCB06491232669FF0094727C /* UEmptyDataSet.swift */,
			);
			path = EmptyDataSet;
			sourceTree = "<group>";
		};
		DCB06493232669FF0094727C /* ParallaxHeader */ = {
			isa = PBXGroup;
			children = (
				DCB06494232669FF0094727C /* ParallaxHeaderMode.swift */,
				DCB06495232669FF0094727C /* UIScrollView+ParallaxHeader.swift */,
				DCB06496232669FF0094727C /* ParallaxHeader.swift */,
			);
			path = ParallaxHeader;
			sourceTree = "<group>";
		};
		DCB06497232669FF0094727C /* FTPopOverMenu */ = {
			isa = PBXGroup;
			children = (
				DCB06498232669FF0094727C /* FTConfiguration.swift */,
				DCB06499232669FF0094727C /* FTCellConfiguration.swift */,
				DCB0649A232669FF0094727C /* FTConstants.swift */,
				DCB0649B232669FF0094727C /* UIControl+Point.swift */,
				DCB0649C232669FF0094727C /* FTPopOverMenu.swift */,
				DCB0649D232669FF0094727C /* FT+Extension.swift */,
				DCB0649E232669FF0094727C /* FTPopOverMenuCell.swift */,
				DCB0649F232669FF0094727C /* UIScreen+Frame.swift */,
			);
			path = FTPopOverMenu;
			sourceTree = "<group>";
		};
		DCB064B323266A560094727C /* Procedure */ = {
			isa = PBXGroup;
			children = (
				DC34A649233C71B90042EEA8 /* Goods */,
				DC6133A42333373600C52E9F /* Mine */,
				DC246DFC2331C3180087D84A /* Dos */,
				DCB064EA23277B010094727C /* Main */,
				DCB064D72327336D0094727C /* Login */,
				DCB064C623266EE80094727C /* Base */,
				DCB064B423266A660094727C /* Global.swift */,
				DCB064B523266A660094727C /* Utils.swift */,
			);
			path = Procedure;
			sourceTree = "<group>";
		};
		DCB064B823266A800094727C /* Supporting Files */ = {
			isa = PBXGroup;
			children = (
				DCB0644723263AD40094727C /* AppDelegate.swift */,
				DCB064B923266A990094727C /* Swift-Bridging-Header.h */,
				DCF5956E2334B64600C50B88 /* Assets.xcassets */,
				DCB064E02327385D0094727C /* DongJia-Bridging-Header.h */,
			);
			path = "Supporting Files";
			sourceTree = "<group>";
		};
		DCB064BB23266DD30094727C /* API */ = {
			isa = PBXGroup;
			children = (
				DCB064C423266EB30094727C /* Services */,
				DCB064C523266EBD0094727C /* Model */,
			);
			path = API;
			sourceTree = "<group>";
		};
		DCB064C423266EB30094727C /* Services */ = {
			isa = PBXGroup;
			children = (
				DCB064C223266E0D0094727C /* APIServices.swift */,
				DC56BC8A233872770089EE61 /* APIMainService.swift */,
				DCCEC4C3233B4B7300892D11 /* APIMineServices.swift */,
				DCB064E123273BA90094727C /* APIUserServices.swift */,
				DCB064BC23266DE00094727C /* APIUser.swift */,
				DCB064C023266E040094727C /* APIToken.swift */,
				DCB064BE23266DF70094727C /* JPushRegistrationID.swift */,
			);
			path = Services;
			sourceTree = "<group>";
		};
		DCB064C523266EBD0094727C /* Model */ = {
			isa = PBXGroup;
			children = (
				DCB064D5232732720094727C /* APIResponseModels.swift */,
				DC56BC8C2338732C0089EE61 /* APIMainDataResponsModel.swift */,
				DCCEC4C5233B4D1000892D11 /* APILoginResponseModel.swift */,
				DC34A652233CAAF30042EEA8 /* APIMainFeaturedDataResponsModel.swift */,
			);
			path = Model;
			sourceTree = "<group>";
		};
		DCB064C623266EE80094727C /* Base */ = {
			isa = PBXGroup;
			children = (
				DCB064C723266EE80094727C /* View */,
				DCB064CB23266EE80094727C /* ViewController */,
			);
			path = Base;
			sourceTree = "<group>";
		};
		DCB064C723266EE80094727C /* View */ = {
			isa = PBXGroup;
			children = (
				DCB064C823266EE80094727C /* UBaseCollectionViewCell.swift */,
				DCB064C923266EE80094727C /* UBaseTableViewCell.swift */,
				DCB064CA23266EE80094727C /* BaseView.swift */,
			);
			path = View;
			sourceTree = "<group>";
		};
		DCB064CB23266EE80094727C /* ViewController */ = {
			isa = PBXGroup;
			children = (
				DCB064CC23266EE80094727C /* UBaseViewController.swift */,
				DCB064CD23266EE80094727C /* UTabBarController.swift */,
				DCB064CE23266EE80094727C /* UNavigationController.swift */,
			);
			path = ViewController;
			sourceTree = "<group>";
		};
		DCB064D72327336D0094727C /* Login */ = {
			isa = PBXGroup;
			children = (
				DCB064DA232733A60094727C /* View */,
				DCB064D92327338C0094727C /* ViewController */,
			);
			path = Login;
			sourceTree = "<group>";
		};
		DCB064D92327338C0094727C /* ViewController */ = {
			isa = PBXGroup;
			children = (
				DCB064DB232733B20094727C /* ULoginViewController.swift */,
			);
			path = ViewController;
			sourceTree = "<group>";
		};
		DCB064DA232733A60094727C /* View */ = {
			isa = PBXGroup;
			children = (
				DCB064DD232733BC0094727C /* ULoginView.swift */,
			);
			path = View;
			sourceTree = "<group>";
		};
		DCB064EA23277B010094727C /* Main */ = {
			isa = PBXGroup;
			children = (
				DCB064EC23277B1A0094727C /* View */,
				DCB064EB23277B0F0094727C /* ViewController */,
			);
			path = Main;
			sourceTree = "<group>";
		};
		DCB064EB23277B0F0094727C /* ViewController */ = {
			isa = PBXGroup;
			children = (
				DCB064EF23277EF30094727C /* UIMainController.swift */,
			);
			path = ViewController;
			sourceTree = "<group>";
		};
		DCB064EC23277B1A0094727C /* View */ = {
			isa = PBXGroup;
			children = (
				DCB064F3232797E50094727C /* UMainSearchCell.swift */,
				DCB064F52327A7230094727C /* UMainBannerCell.swift */,
				DCB0650B2328F2380094727C /* UMainClassificationCell.swift */,
				DCB065092327CE840094727C /* UBannerImageCell.swift */,
				DC39CF912329E77A00E61C3A /* UMainLimitedCell.swift */,
				DC39CF932329EAA100E61C3A /* ULimitedTimeCell.swift */,
				DC39CF97232A3C1300E61C3A /* UMainHotCell.swift */,
				DC23800B232F9E79006AE76F /* UHotGoodsCell.swift */,
				DC23800D2330763F006AE76F /* UMainSuperBrandCell.swift */,
				DC23800F2330B0FC006AE76F /* USuperBrandCell.swift */,
				DC2380132330E040006AE76F /* UMainFeaturedCell.swift */,
				DC2380112330D94C006AE76F /* UFeaturedCell.swift */,
				DC34A654233CBC380042EEA8 /* UFootLoadMoreView.swift */,
			);
			path = View;
			sourceTree = "<group>";
		};
		DCB065062327CDA90094727C /* ZKCycleScrollView */ = {
			isa = PBXGroup;
			children = (
				DCB065072327CDA90094727C /* ZKCycleScrollView.swift */,
			);
			path = ZKCycleScrollView;
			sourceTree = "<group>";
		};
/* End PBXGroup section */

/* Begin PBXNativeTarget section */
		DCB0644323263AD40094727C /* DongJia */ = {
			isa = PBXNativeTarget;
			buildConfigurationList = DCB0646F23263AD90094727C /* Build configuration list for PBXNativeTarget "DongJia" */;
			buildPhases = (
				9B9F728FD50AFD85C2C8149A /* [CP] Check Pods Manifest.lock */,
				DCB0644023263AD40094727C /* Sources */,
				DCB0644123263AD40094727C /* Frameworks */,
				DCB0644223263AD40094727C /* Resources */,
				EF8557B0FFD6BE4C7883FBD5 /* [CP] Embed Pods Frameworks */,
				3DAD05E86BA4BDE704FB0827 /* [CP] Copy Pods Resources */,
			);
			buildRules = (
			);
			dependencies = (
			);
			name = DongJia;
			productName = DongJia;
			productReference = DCB0644423263AD40094727C /* DongJia.app */;
			productType = "com.apple.product-type.application";
		};
		DCB0645A23263AD90094727C /* DongJiaTests */ = {
			isa = PBXNativeTarget;
			buildConfigurationList = DCB0647223263AD90094727C /* Build configuration list for PBXNativeTarget "DongJiaTests" */;
			buildPhases = (
				DCB0645723263AD90094727C /* Sources */,
				DCB0645823263AD90094727C /* Frameworks */,
				DCB0645923263AD90094727C /* Resources */,
			);
			buildRules = (
			);
			dependencies = (
				DCB0645D23263AD90094727C /* PBXTargetDependency */,
			);
			name = DongJiaTests;
			productName = DongJiaTests;
			productReference = DCB0645B23263AD90094727C /* DongJiaTests.xctest */;
			productType = "com.apple.product-type.bundle.unit-test";
		};
		DCB0646523263AD90094727C /* DongJiaUITests */ = {
			isa = PBXNativeTarget;
			buildConfigurationList = DCB0647523263AD90094727C /* Build configuration list for PBXNativeTarget "DongJiaUITests" */;
			buildPhases = (
				DCB0646223263AD90094727C /* Sources */,
				DCB0646323263AD90094727C /* Frameworks */,
				DCB0646423263AD90094727C /* Resources */,
			);
			buildRules = (
			);
			dependencies = (
				DCB0646823263AD90094727C /* PBXTargetDependency */,
			);
			name = DongJiaUITests;
			productName = DongJiaUITests;
			productReference = DCB0646623263AD90094727C /* DongJiaUITests.xctest */;
			productType = "com.apple.product-type.bundle.ui-testing";
		};
/* End PBXNativeTarget section */

/* Begin PBXProject section */
		DCB0643C23263AD40094727C /* Project object */ = {
			isa = PBXProject;
			attributes = {
				LastSwiftUpdateCheck = 1030;
				LastUpgradeCheck = 1030;
				ORGANIZATIONNAME = hongshuzhi;
				TargetAttributes = {
					DCB0644323263AD40094727C = {
						CreatedOnToolsVersion = 10.3;
						SystemCapabilities = {
							com.apple.Push = {
								enabled = 1;
							};
						};
					};
					DCB0645A23263AD90094727C = {
						CreatedOnToolsVersion = 10.3;
						TestTargetID = DCB0644323263AD40094727C;
					};
					DCB0646523263AD90094727C = {
						CreatedOnToolsVersion = 10.3;
						TestTargetID = DCB0644323263AD40094727C;
					};
				};
			};
			buildConfigurationList = DCB0643F23263AD40094727C /* Build configuration list for PBXProject "DongJia" */;
			compatibilityVersion = "Xcode 9.3";
			developmentRegion = en;
			hasScannedForEncodings = 0;
			knownRegions = (
				en,
				Base,
			);
			mainGroup = DCB0643B23263AD40094727C;
			productRefGroup = DCB0644523263AD40094727C /* Products */;
			projectDirPath = "";
			projectRoot = "";
			targets = (
				DCB0644323263AD40094727C /* DongJia */,
				DCB0645A23263AD90094727C /* DongJiaTests */,
				DCB0646523263AD90094727C /* DongJiaUITests */,
			);
		};
/* End PBXProject section */

/* Begin PBXResourcesBuildPhase section */
		DCB0644223263AD40094727C /* Resources */ = {
			isa = PBXResourcesBuildPhase;
			buildActionMask = 2147483647;
			files = (
				DCF5956F2334B64600C50B88 /* Assets.xcassets in Resources */,
				DCCEC4BF233A4C2D00892D11 /* city.plist in Resources */,
				DCB0645523263AD90094727C /* LaunchScreen.storyboard in Resources */,
				DCB0644D23263AD50094727C /* Main.storyboard in Resources */,
			);
			runOnlyForDeploymentPostprocessing = 0;
		};
		DCB0645923263AD90094727C /* Resources */ = {
			isa = PBXResourcesBuildPhase;
			buildActionMask = 2147483647;
			files = (
			);
			runOnlyForDeploymentPostprocessing = 0;
		};
		DCB0646423263AD90094727C /* Resources */ = {
			isa = PBXResourcesBuildPhase;
			buildActionMask = 2147483647;
			files = (
			);
			runOnlyForDeploymentPostprocessing = 0;
		};
/* End PBXResourcesBuildPhase section */

/* Begin PBXShellScriptBuildPhase section */
		3DAD05E86BA4BDE704FB0827 /* [CP] Copy Pods Resources */ = {
			isa = PBXShellScriptBuildPhase;
			buildActionMask = 2147483647;
			files = (
			);
			inputFileListPaths = (
				"${PODS_ROOT}/Target Support Files/Pods-DongJia/Pods-DongJia-resources-${CONFIGURATION}-input-files.xcfilelist",
			);
			name = "[CP] Copy Pods Resources";
			outputFileListPaths = (
				"${PODS_ROOT}/Target Support Files/Pods-DongJia/Pods-DongJia-resources-${CONFIGURATION}-output-files.xcfilelist",
			);
			runOnlyForDeploymentPostprocessing = 0;
			shellPath = /bin/sh;
			shellScript = "\"${PODS_ROOT}/Target Support Files/Pods-DongJia/Pods-DongJia-resources.sh\"\n";
			showEnvVarsInLog = 0;
		};
		9B9F728FD50AFD85C2C8149A /* [CP] Check Pods Manifest.lock */ = {
			isa = PBXShellScriptBuildPhase;
			buildActionMask = 2147483647;
			files = (
			);
			inputFileListPaths = (
			);
			inputPaths = (
				"${PODS_PODFILE_DIR_PATH}/Podfile.lock",
				"${PODS_ROOT}/Manifest.lock",
			);
			name = "[CP] Check Pods Manifest.lock";
			outputFileListPaths = (
			);
			outputPaths = (
				"$(DERIVED_FILE_DIR)/Pods-DongJia-checkManifestLockResult.txt",
			);
			runOnlyForDeploymentPostprocessing = 0;
			shellPath = /bin/sh;
			shellScript = "diff \"${PODS_PODFILE_DIR_PATH}/Podfile.lock\" \"${PODS_ROOT}/Manifest.lock\" > /dev/null\nif [ $? != 0 ] ; then\n    # print error to STDERR\n    echo \"error: The sandbox is not in sync with the Podfile.lock. Run 'pod install' or update your CocoaPods installation.\" >&2\n    exit 1\nfi\n# This output is used by Xcode 'outputs' to avoid re-running this script phase.\necho \"SUCCESS\" > \"${SCRIPT_OUTPUT_FILE_0}\"\n";
			showEnvVarsInLog = 0;
		};
		EF8557B0FFD6BE4C7883FBD5 /* [CP] Embed Pods Frameworks */ = {
			isa = PBXShellScriptBuildPhase;
			buildActionMask = 2147483647;
			files = (
			);
			inputFileListPaths = (
				"${PODS_ROOT}/Target Support Files/Pods-DongJia/Pods-DongJia-frameworks-${CONFIGURATION}-input-files.xcfilelist",
			);
			name = "[CP] Embed Pods Frameworks";
			outputFileListPaths = (
				"${PODS_ROOT}/Target Support Files/Pods-DongJia/Pods-DongJia-frameworks-${CONFIGURATION}-output-files.xcfilelist",
			);
			runOnlyForDeploymentPostprocessing = 0;
			shellPath = /bin/sh;
			shellScript = "\"${PODS_ROOT}/Target Support Files/Pods-DongJia/Pods-DongJia-frameworks.sh\"\n";
			showEnvVarsInLog = 0;
		};
/* End PBXShellScriptBuildPhase section */

/* Begin PBXSourcesBuildPhase section */
		DCB0644023263AD40094727C /* Sources */ = {
			isa = PBXSourcesBuildPhase;
			buildActionMask = 2147483647;
			files = (
				DCCEC4BC233A4C2D00892D11 /* UIColor+KLExtension.swift in Sources */,
				DC23800C232F9E79006AE76F /* UHotGoodsCell.swift in Sources */,
				DCB064AC23266A000094727C /* FTCellConfiguration.swift in Sources */,
				DC246E002331C4180087D84A /* UIDosController.swift in Sources */,
				DCB064F023277EF30094727C /* UIMainController.swift in Sources */,
				DC6133A82333377F00C52E9F /* UMineView.swift in Sources */,
				DC2380102330B0FC006AE76F /* USuperBrandCell.swift in Sources */,
				DCF595712334CCE200C50B88 /* UIAddAddressController.swift in Sources */,
				DCB064E223273BA90094727C /* APIUserServices.swift in Sources */,
				DCB064A223266A000094727C /* BPicker.swift in Sources */,
				DCB0644A23263AD40094727C /* ViewController.swift in Sources */,
				DCB064A123266A000094727C /* CustomPhotoPickerViewController.swift in Sources */,
				DC34A651233C95910042EEA8 /* UIButtonExtension.swift in Sources */,
				DCB064AB23266A000094727C /* FTConfiguration.swift in Sources */,
				DC56BC8D2338732C0089EE61 /* APIMainDataResponsModel.swift in Sources */,
				DCB0650A2327CE840094727C /* UBannerImageCell.swift in Sources */,
				DCB064D6232732720094727C /* APIResponseModels.swift in Sources */,
				DCB064B723266A660094727C /* Utils.swift in Sources */,
				DCCEC4BE233A4C2D00892D11 /* ConfigureMacro.swift in Sources */,
				DCB064BF23266DF80094727C /* JPushRegistrationID.swift in Sources */,
				DCB064D223266EE80094727C /* UBaseViewController.swift in Sources */,
				DCB064AD23266A000094727C /* FTConstants.swift in Sources */,
				DCB064A523266A000094727C /* URefresh.swift in Sources */,
				DCB064A923266A000094727C /* UIScrollView+ParallaxHeader.swift in Sources */,
				DCCEC4C6233B4D1000892D11 /* APILoginResponseModel.swift in Sources */,
				DC2380142330E040006AE76F /* UMainFeaturedCell.swift in Sources */,
				DCB064C123266E040094727C /* APIToken.swift in Sources */,
				DC768AB62332359000595E2B /* UContactDesignerView.swift in Sources */,
				DCB064A423266A000094727C /* ScreenHelper.swift in Sources */,
				DC19F7A72334692200BDFE7D /* UAboutUsView.swift in Sources */,
				DCB065082327CDA90094727C /* ZKCycleScrollView.swift in Sources */,
				DC34A657233DFDAB0042EEA8 /* UGoodsPicListCell.swift in Sources */,
				DC246E04233204BC0087D84A /* UDosDetailView.swift in Sources */,
				DC6133A32333205000C52E9F /* NSObjectExtension.swift in Sources */,
				DC19F7A9233478F500BDFE7D /* UIMyCollectionController.swift in Sources */,
				DCB0645023263AD50094727C /* DongJia.xcdatamodeld in Sources */,
				DC768AB22332230F00595E2B /* UILabelExtension.swift in Sources */,
				DCB064D123266EE80094727C /* BaseView.swift in Sources */,
				DCB064CF23266EE80094727C /* UBaseCollectionViewCell.swift in Sources */,
				DC39CF922329E77A00E61C3A /* UMainLimitedCell.swift in Sources */,
				DCB064F4232797E50094727C /* UMainSearchCell.swift in Sources */,
				DCB06484232669510094727C /* UIBarButtonItemExtension.swift in Sources */,
				DCB064D323266EE80094727C /* UTabBarController.swift in Sources */,
				DC54C59B233F03E400ECFB25 /* UGoodsOrdinaryBuyCell.swift in Sources */,
				DC34A653233CAAF30042EEA8 /* APIMainFeaturedDataResponsModel.swift in Sources */,
				DC56BC8B233872770089EE61 /* APIMainService.swift in Sources */,
				DC39CF98232A3C1300E61C3A /* UMainHotCell.swift in Sources */,
				DCB064F62327A7230094727C /* UMainBannerCell.swift in Sources */,
				DCB06482232669510094727C /* UITextFieldExtension.swift in Sources */,
				DCB064AF23266A000094727C /* FTPopOverMenu.swift in Sources */,
				DCB064AA23266A000094727C /* ParallaxHeader.swift in Sources */,
				DCB064D023266EE80094727C /* UBaseTableViewCell.swift in Sources */,
				DCB064A623266A000094727C /* UEmptyDataSet.swift in Sources */,
				DCCEC4C4233B4B7300892D11 /* APIMineServices.swift in Sources */,
				DCB064D423266EE80094727C /* UNavigationController.swift in Sources */,
				DCB064B623266A660094727C /* Global.swift in Sources */,
				DCB064B023266A000094727C /* FT+Extension.swift in Sources */,
				DCB064B123266A000094727C /* FTPopOverMenuCell.swift in Sources */,
				DC19F7B32334B30C00BDFE7D /* UObtainAddressCell.swift in Sources */,
				DC19F7A5233468EB00BDFE7D /* UIAboutUsController.swift in Sources */,
				DCB06480232669510094727C /* UIColorExtension.swift in Sources */,
				DC34A655233CBC380042EEA8 /* UFootLoadMoreView.swift in Sources */,
				DCF595732334CD2500C50B88 /* UAddAddressView.swift in Sources */,
				DCCEC4C0233A4C2D00892D11 /* UIView+KLExtension.swift in Sources */,
				DCB064A323266A000094727C /* PickerPresentAnimated.swift in Sources */,
				DCB064A723266A000094727C /* RPicker.swift in Sources */,
				DCB064DC232733B20094727C /* ULoginViewController.swift in Sources */,
				DC56BC8F2338E2B90089EE61 /* URLExtension.swift in Sources */,
				DCB064BD23266DE00094727C /* APIUser.swift in Sources */,
				DC54C5A5233F53A500ECFB25 /* UGoodsDetailWKWebViewCell.swift in Sources */,
				DC34A65B233E16040042EEA8 /* UGoodsLimitedBuyCell.swift in Sources */,
				DC34A64F233C7AB40042EEA8 /* UGoodsDetailView.swift in Sources */,
				DC19F7B12334AA9900BDFE7D /* UMyObtainAddressView.swift in Sources */,
				DC34A659233E08490042EEA8 /* UPicCell.swift in Sources */,
				DCCEC4C2233B495800892D11 /* NotificationNameExtension.swift in Sources */,
				DC34A64D233C72320042EEA8 /* UIGoodsDetailController.swift in Sources */,
				DC23800E2330763F006AE76F /* UMainSuperBrandCell.swift in Sources */,
				DC6133AA23335B6000C52E9F /* UIMineController.swift in Sources */,
				DC768AB4233232FF00595E2B /* UIContactDesignerController.swift in Sources */,
				DC19F7AF2334A7D900BDFE7D /* UIMyObtainAddressViewController.swift in Sources */,
				DC54C5A3233F41CF00ECFB25 /* UGoodsInfoView.swift in Sources */,
				DC2380122330D94C006AE76F /* UFeaturedCell.swift in Sources */,
				DC246E022331C8D90087D84A /* UDosCell.swift in Sources */,
				DC39CF942329EAA100E61C3A /* ULimitedTimeCell.swift in Sources */,
				DC768AB023321E0900595E2B /* UIDosDetailController.swift in Sources */,
				DCB0650C2328F2380094727C /* UMainClassificationCell.swift in Sources */,
				DC54C59F233F33F400ECFB25 /* UGoodsChooseAttrCell.swift in Sources */,
				DCB0647F232669510094727C /* UIImageViewExtension.swift in Sources */,
				DCCEC4BD233A4C2D00892D11 /* KLCityPickerView.swift in Sources */,
				DCB064A823266A000094727C /* ParallaxHeaderMode.swift in Sources */,
				DC54C5A1233F386F00ECFB25 /* UGoodsStoreInfoCell.swift in Sources */,
				DCB064C323266E0D0094727C /* APIServices.swift in Sources */,
				DCB064B223266A000094727C /* UIScreen+Frame.swift in Sources */,
				DC54C59D233F084000ECFB25 /* UGoodsNameServiceCell.swift in Sources */,
				DC19F7AD23347BCF00BDFE7D /* UMyCollectionCell.swift in Sources */,
				DCB064AE23266A000094727C /* UIControl+Point.swift in Sources */,
				DCB06483232669510094727C /* UIViewExtension.swift in Sources */,
				DCB0644823263AD40094727C /* AppDelegate.swift in Sources */,
				DCB064A023266A000094727C /* PlaceholderTextView.swift in Sources */,
				DCB064DE232733BC0094727C /* ULoginView.swift in Sources */,
			);
			runOnlyForDeploymentPostprocessing = 0;
		};
		DCB0645723263AD90094727C /* Sources */ = {
			isa = PBXSourcesBuildPhase;
			buildActionMask = 2147483647;
			files = (
				DCB0646023263AD90094727C /* DongJiaTests.swift in Sources */,
			);
			runOnlyForDeploymentPostprocessing = 0;
		};
		DCB0646223263AD90094727C /* Sources */ = {
			isa = PBXSourcesBuildPhase;
			buildActionMask = 2147483647;
			files = (
				DCB0646B23263AD90094727C /* DongJiaUITests.swift in Sources */,
			);
			runOnlyForDeploymentPostprocessing = 0;
		};
/* End PBXSourcesBuildPhase section */

/* Begin PBXTargetDependency section */
		DCB0645D23263AD90094727C /* PBXTargetDependency */ = {
			isa = PBXTargetDependency;
			target = DCB0644323263AD40094727C /* DongJia */;
			targetProxy = DCB0645C23263AD90094727C /* PBXContainerItemProxy */;
		};
		DCB0646823263AD90094727C /* PBXTargetDependency */ = {
			isa = PBXTargetDependency;
			target = DCB0644323263AD40094727C /* DongJia */;
			targetProxy = DCB0646723263AD90094727C /* PBXContainerItemProxy */;
		};
/* End PBXTargetDependency section */

/* Begin PBXVariantGroup section */
		DCB0644B23263AD50094727C /* Main.storyboard */ = {
			isa = PBXVariantGroup;
			children = (
				DCB0644C23263AD50094727C /* Base */,
			);
			name = Main.storyboard;
			sourceTree = "<group>";
		};
		DCB0645323263AD90094727C /* LaunchScreen.storyboard */ = {
			isa = PBXVariantGroup;
			children = (
				DCB0645423263AD90094727C /* Base */,
			);
			name = LaunchScreen.storyboard;
			sourceTree = "<group>";
		};
/* End PBXVariantGroup section */

/* Begin XCBuildConfiguration section */
		DCB0646D23263AD90094727C /* Debug */ = {
			isa = XCBuildConfiguration;
			buildSettings = {
				ALWAYS_SEARCH_USER_PATHS = NO;
				CLANG_ANALYZER_NONNULL = YES;
				CLANG_ANALYZER_NUMBER_OBJECT_CONVERSION = YES_AGGRESSIVE;
				CLANG_CXX_LANGUAGE_STANDARD = "gnu++14";
				CLANG_CXX_LIBRARY = "libc++";
				CLANG_ENABLE_MODULES = YES;
				CLANG_ENABLE_OBJC_ARC = YES;
				CLANG_ENABLE_OBJC_WEAK = YES;
				CLANG_WARN_BLOCK_CAPTURE_AUTORELEASING = YES;
				CLANG_WARN_BOOL_CONVERSION = YES;
				CLANG_WARN_COMMA = YES;
				CLANG_WARN_CONSTANT_CONVERSION = YES;
				CLANG_WARN_DEPRECATED_OBJC_IMPLEMENTATIONS = YES;
				CLANG_WARN_DIRECT_OBJC_ISA_USAGE = YES_ERROR;
				CLANG_WARN_DOCUMENTATION_COMMENTS = YES;
				CLANG_WARN_EMPTY_BODY = YES;
				CLANG_WARN_ENUM_CONVERSION = YES;
				CLANG_WARN_INFINITE_RECURSION = YES;
				CLANG_WARN_INT_CONVERSION = YES;
				CLANG_WARN_NON_LITERAL_NULL_CONVERSION = YES;
				CLANG_WARN_OBJC_IMPLICIT_RETAIN_SELF = YES;
				CLANG_WARN_OBJC_LITERAL_CONVERSION = YES;
				CLANG_WARN_OBJC_ROOT_CLASS = YES_ERROR;
				CLANG_WARN_RANGE_LOOP_ANALYSIS = YES;
				CLANG_WARN_STRICT_PROTOTYPES = YES;
				CLANG_WARN_SUSPICIOUS_MOVE = YES;
				CLANG_WARN_UNGUARDED_AVAILABILITY = YES_AGGRESSIVE;
				CLANG_WARN_UNREACHABLE_CODE = YES;
				CLANG_WARN__DUPLICATE_METHOD_MATCH = YES;
				CODE_SIGN_IDENTITY = "iPhone Developer";
				COPY_PHASE_STRIP = NO;
				DEBUG_INFORMATION_FORMAT = dwarf;
				ENABLE_STRICT_OBJC_MSGSEND = YES;
				ENABLE_TESTABILITY = YES;
				GCC_C_LANGUAGE_STANDARD = gnu11;
				GCC_DYNAMIC_NO_PIC = NO;
				GCC_NO_COMMON_BLOCKS = YES;
				GCC_OPTIMIZATION_LEVEL = 0;
				GCC_PREPROCESSOR_DEFINITIONS = (
					"DEBUG=1",
					"$(inherited)",
				);
				GCC_WARN_64_TO_32_BIT_CONVERSION = YES;
				GCC_WARN_ABOUT_RETURN_TYPE = YES_ERROR;
				GCC_WARN_UNDECLARED_SELECTOR = YES;
				GCC_WARN_UNINITIALIZED_AUTOS = YES_AGGRESSIVE;
				GCC_WARN_UNUSED_FUNCTION = YES;
				GCC_WARN_UNUSED_VARIABLE = YES;
				IPHONEOS_DEPLOYMENT_TARGET = 12.4;
				MTL_ENABLE_DEBUG_INFO = INCLUDE_SOURCE;
				MTL_FAST_MATH = YES;
				ONLY_ACTIVE_ARCH = YES;
				SDKROOT = iphoneos;
				SWIFT_ACTIVE_COMPILATION_CONDITIONS = DEBUG;
				SWIFT_OPTIMIZATION_LEVEL = "-Onone";
			};
			name = Debug;
		};
		DCB0646E23263AD90094727C /* Release */ = {
			isa = XCBuildConfiguration;
			buildSettings = {
				ALWAYS_SEARCH_USER_PATHS = NO;
				CLANG_ANALYZER_NONNULL = YES;
				CLANG_ANALYZER_NUMBER_OBJECT_CONVERSION = YES_AGGRESSIVE;
				CLANG_CXX_LANGUAGE_STANDARD = "gnu++14";
				CLANG_CXX_LIBRARY = "libc++";
				CLANG_ENABLE_MODULES = YES;
				CLANG_ENABLE_OBJC_ARC = YES;
				CLANG_ENABLE_OBJC_WEAK = YES;
				CLANG_WARN_BLOCK_CAPTURE_AUTORELEASING = YES;
				CLANG_WARN_BOOL_CONVERSION = YES;
				CLANG_WARN_COMMA = YES;
				CLANG_WARN_CONSTANT_CONVERSION = YES;
				CLANG_WARN_DEPRECATED_OBJC_IMPLEMENTATIONS = YES;
				CLANG_WARN_DIRECT_OBJC_ISA_USAGE = YES_ERROR;
				CLANG_WARN_DOCUMENTATION_COMMENTS = YES;
				CLANG_WARN_EMPTY_BODY = YES;
				CLANG_WARN_ENUM_CONVERSION = YES;
				CLANG_WARN_INFINITE_RECURSION = YES;
				CLANG_WARN_INT_CONVERSION = YES;
				CLANG_WARN_NON_LITERAL_NULL_CONVERSION = YES;
				CLANG_WARN_OBJC_IMPLICIT_RETAIN_SELF = YES;
				CLANG_WARN_OBJC_LITERAL_CONVERSION = YES;
				CLANG_WARN_OBJC_ROOT_CLASS = YES_ERROR;
				CLANG_WARN_RANGE_LOOP_ANALYSIS = YES;
				CLANG_WARN_STRICT_PROTOTYPES = YES;
				CLANG_WARN_SUSPICIOUS_MOVE = YES;
				CLANG_WARN_UNGUARDED_AVAILABILITY = YES_AGGRESSIVE;
				CLANG_WARN_UNREACHABLE_CODE = YES;
				CLANG_WARN__DUPLICATE_METHOD_MATCH = YES;
				CODE_SIGN_IDENTITY = "iPhone Developer";
				COPY_PHASE_STRIP = NO;
				DEBUG_INFORMATION_FORMAT = "dwarf-with-dsym";
				ENABLE_NS_ASSERTIONS = NO;
				ENABLE_STRICT_OBJC_MSGSEND = YES;
				GCC_C_LANGUAGE_STANDARD = gnu11;
				GCC_NO_COMMON_BLOCKS = YES;
				GCC_WARN_64_TO_32_BIT_CONVERSION = YES;
				GCC_WARN_ABOUT_RETURN_TYPE = YES_ERROR;
				GCC_WARN_UNDECLARED_SELECTOR = YES;
				GCC_WARN_UNINITIALIZED_AUTOS = YES_AGGRESSIVE;
				GCC_WARN_UNUSED_FUNCTION = YES;
				GCC_WARN_UNUSED_VARIABLE = YES;
				IPHONEOS_DEPLOYMENT_TARGET = 12.4;
				MTL_ENABLE_DEBUG_INFO = NO;
				MTL_FAST_MATH = YES;
				SDKROOT = iphoneos;
				SWIFT_COMPILATION_MODE = wholemodule;
				SWIFT_OPTIMIZATION_LEVEL = "-O";
				VALIDATE_PRODUCT = YES;
			};
			name = Release;
		};
		DCB0647023263AD90094727C /* Debug */ = {
			isa = XCBuildConfiguration;
			baseConfigurationReference = 5A81F6F96F7EEEB3294D7982 /* Pods-DongJia.debug.xcconfig */;
			buildSettings = {
				ASSETCATALOG_COMPILER_APPICON_NAME = AppIcon;
				ASSETCATALOG_COMPILER_LAUNCHIMAGE_NAME = LaunchImage;
				CODE_SIGN_ENTITLEMENTS = DongJia/DongJia.entitlements;
				CODE_SIGN_STYLE = Automatic;
				DEVELOPMENT_TEAM = 6L4S78C444;
				INFOPLIST_FILE = DongJia/Info.plist;
				IPHONEOS_DEPLOYMENT_TARGET = 12.2;
				LD_RUNPATH_SEARCH_PATHS = (
					"$(inherited)",
					"@executable_path/Frameworks",
				);
				PRODUCT_BUNDLE_IDENTIFIER = com.ifhu.dongjia;
				PRODUCT_NAME = "$(TARGET_NAME)";
				SWIFT_OBJC_BRIDGING_HEADER = "DongJia/Supporting Files/DongJia-Bridging-Header.h";
				SWIFT_VERSION = 5.0;
				TARGETED_DEVICE_FAMILY = 1;
			};
			name = Debug;
		};
		DCB0647123263AD90094727C /* Release */ = {
			isa = XCBuildConfiguration;
			baseConfigurationReference = ABE933D163923E0ABD191878 /* Pods-DongJia.release.xcconfig */;
			buildSettings = {
				ASSETCATALOG_COMPILER_APPICON_NAME = AppIcon;
				ASSETCATALOG_COMPILER_LAUNCHIMAGE_NAME = LaunchImage;
				CODE_SIGN_ENTITLEMENTS = DongJia/DongJia.entitlements;
				CODE_SIGN_STYLE = Automatic;
				DEVELOPMENT_TEAM = 6L4S78C444;
				INFOPLIST_FILE = DongJia/Info.plist;
				IPHONEOS_DEPLOYMENT_TARGET = 12.2;
				LD_RUNPATH_SEARCH_PATHS = (
					"$(inherited)",
					"@executable_path/Frameworks",
				);
				PRODUCT_BUNDLE_IDENTIFIER = com.ifhu.dongjia;
				PRODUCT_NAME = "$(TARGET_NAME)";
				SWIFT_OBJC_BRIDGING_HEADER = "DongJia/Supporting Files/DongJia-Bridging-Header.h";
				SWIFT_VERSION = 5.0;
				TARGETED_DEVICE_FAMILY = 1;
			};
			name = Release;
		};
		DCB0647323263AD90094727C /* Debug */ = {
			isa = XCBuildConfiguration;
			buildSettings = {
				ALWAYS_EMBED_SWIFT_STANDARD_LIBRARIES = YES;
				BUNDLE_LOADER = "$(TEST_HOST)";
				CODE_SIGN_STYLE = Automatic;
				DEVELOPMENT_TEAM = 6L4S78C444;
				INFOPLIST_FILE = DongJiaTests/Info.plist;
				LD_RUNPATH_SEARCH_PATHS = (
					"$(inherited)",
					"@executable_path/Frameworks",
					"@loader_path/Frameworks",
				);
				PRODUCT_BUNDLE_IDENTIFIER = ifhu.DongJiaTests;
				PRODUCT_NAME = "$(TARGET_NAME)";
				SWIFT_VERSION = 5.0;
				TARGETED_DEVICE_FAMILY = "1,2";
				TEST_HOST = "$(BUILT_PRODUCTS_DIR)/DongJia.app/DongJia";
			};
			name = Debug;
		};
		DCB0647423263AD90094727C /* Release */ = {
			isa = XCBuildConfiguration;
			buildSettings = {
				ALWAYS_EMBED_SWIFT_STANDARD_LIBRARIES = YES;
				BUNDLE_LOADER = "$(TEST_HOST)";
				CODE_SIGN_STYLE = Automatic;
				DEVELOPMENT_TEAM = 6L4S78C444;
				INFOPLIST_FILE = DongJiaTests/Info.plist;
				LD_RUNPATH_SEARCH_PATHS = (
					"$(inherited)",
					"@executable_path/Frameworks",
					"@loader_path/Frameworks",
				);
				PRODUCT_BUNDLE_IDENTIFIER = ifhu.DongJiaTests;
				PRODUCT_NAME = "$(TARGET_NAME)";
				SWIFT_VERSION = 5.0;
				TARGETED_DEVICE_FAMILY = "1,2";
				TEST_HOST = "$(BUILT_PRODUCTS_DIR)/DongJia.app/DongJia";
			};
			name = Release;
		};
		DCB0647623263AD90094727C /* Debug */ = {
			isa = XCBuildConfiguration;
			buildSettings = {
				ALWAYS_EMBED_SWIFT_STANDARD_LIBRARIES = YES;
				CODE_SIGN_STYLE = Automatic;
				DEVELOPMENT_TEAM = 6L4S78C444;
				INFOPLIST_FILE = DongJiaUITests/Info.plist;
				LD_RUNPATH_SEARCH_PATHS = (
					"$(inherited)",
					"@executable_path/Frameworks",
					"@loader_path/Frameworks",
				);
				PRODUCT_BUNDLE_IDENTIFIER = ifhu.DongJiaUITests;
				PRODUCT_NAME = "$(TARGET_NAME)";
				SWIFT_VERSION = 5.0;
				TARGETED_DEVICE_FAMILY = "1,2";
				TEST_TARGET_NAME = DongJia;
			};
			name = Debug;
		};
		DCB0647723263AD90094727C /* Release */ = {
			isa = XCBuildConfiguration;
			buildSettings = {
				ALWAYS_EMBED_SWIFT_STANDARD_LIBRARIES = YES;
				CODE_SIGN_STYLE = Automatic;
				DEVELOPMENT_TEAM = 6L4S78C444;
				INFOPLIST_FILE = DongJiaUITests/Info.plist;
				LD_RUNPATH_SEARCH_PATHS = (
					"$(inherited)",
					"@executable_path/Frameworks",
					"@loader_path/Frameworks",
				);
				PRODUCT_BUNDLE_IDENTIFIER = ifhu.DongJiaUITests;
				PRODUCT_NAME = "$(TARGET_NAME)";
				SWIFT_VERSION = 5.0;
				TARGETED_DEVICE_FAMILY = "1,2";
				TEST_TARGET_NAME = DongJia;
			};
			name = Release;
		};
/* End XCBuildConfiguration section */

/* Begin XCConfigurationList section */
		DCB0643F23263AD40094727C /* Build configuration list for PBXProject "DongJia" */ = {
			isa = XCConfigurationList;
			buildConfigurations = (
				DCB0646D23263AD90094727C /* Debug */,
				DCB0646E23263AD90094727C /* Release */,
			);
			defaultConfigurationIsVisible = 0;
			defaultConfigurationName = Release;
		};
		DCB0646F23263AD90094727C /* Build configuration list for PBXNativeTarget "DongJia" */ = {
			isa = XCConfigurationList;
			buildConfigurations = (
				DCB0647023263AD90094727C /* Debug */,
				DCB0647123263AD90094727C /* Release */,
			);
			defaultConfigurationIsVisible = 0;
			defaultConfigurationName = Release;
		};
		DCB0647223263AD90094727C /* Build configuration list for PBXNativeTarget "DongJiaTests" */ = {
			isa = XCConfigurationList;
			buildConfigurations = (
				DCB0647323263AD90094727C /* Debug */,
				DCB0647423263AD90094727C /* Release */,
			);
			defaultConfigurationIsVisible = 0;
			defaultConfigurationName = Release;
		};
		DCB0647523263AD90094727C /* Build configuration list for PBXNativeTarget "DongJiaUITests" */ = {
			isa = XCConfigurationList;
			buildConfigurations = (
				DCB0647623263AD90094727C /* Debug */,
				DCB0647723263AD90094727C /* Release */,
			);
			defaultConfigurationIsVisible = 0;
			defaultConfigurationName = Release;
		};
/* End XCConfigurationList section */

/* Begin XCVersionGroup section */
		DCB0644E23263AD50094727C /* DongJia.xcdatamodeld */ = {
			isa = XCVersionGroup;
			children = (
				DCB0644F23263AD50094727C /* DongJia.xcdatamodel */,
			);
			currentVersion = DCB0644F23263AD50094727C /* DongJia.xcdatamodel */;
			path = DongJia.xcdatamodeld;
			sourceTree = "<group>";
			versionGroupType = wrapper.xcdatamodel;
		};
/* End XCVersionGroup section */
	};
	rootObject = DCB0643C23263AD40094727C /* Project object */;
}
